// !$*UTF8*$!
{
	archiveVersion = 1;
	classes = {
	};
	objectVersion = 56;
	objects = {

/* Begin PBXBuildFile section */
		480A30182A7C79A80087FABD /* ImageClassificationView.swift in Sources */ = {isa = PBXBuildFile; fileRef = 480A30172A7C79A80087FABD /* ImageClassificationView.swift */; };
		480A301A2A7C7ACD0087FABD /* ImagePicker.swift in Sources */ = {isa = PBXBuildFile; fileRef = 480A30192A7C7ACD0087FABD /* ImagePicker.swift */; };
		480A301E2A7CB28C0087FABD /* Extensions.swift in Sources */ = {isa = PBXBuildFile; fileRef = 480A301D2A7CB28C0087FABD /* Extensions.swift */; };
		481BDDB62A6E02D3006D4D80 /* GenesisApp.swift in Sources */ = {isa = PBXBuildFile; fileRef = 481BDDB52A6E02D3006D4D80 /* GenesisApp.swift */; };
		481BDDB82A6E02D3006D4D80 /* ContentView.swift in Sources */ = {isa = PBXBuildFile; fileRef = 481BDDB72A6E02D3006D4D80 /* ContentView.swift */; };
		481BDDBA2A6E02D4006D4D80 /* Assets.xcassets in Resources */ = {isa = PBXBuildFile; fileRef = 481BDDB92A6E02D4006D4D80 /* Assets.xcassets */; };
		481BDDBD2A6E02D4006D4D80 /* Preview Assets.xcassets in Resources */ = {isa = PBXBuildFile; fileRef = 481BDDBC2A6E02D4006D4D80 /* Preview Assets.xcassets */; };
		481BDDC42A6E0E65006D4D80 /* GenesisAnalysisClassifier.mlmodel in Sources */ = {isa = PBXBuildFile; fileRef = 481BDDC32A6E0E65006D4D80 /* GenesisAnalysisClassifier.mlmodel */; };
		481BDDCD2A6F6F44006D4D80 /* SignUp.swift in Sources */ = {isa = PBXBuildFile; fileRef = 481BDDCC2A6F6F44006D4D80 /* SignUp.swift */; };
		481BDDCF2A6F70AB006D4D80 /* NetworkManager.swift in Sources */ = {isa = PBXBuildFile; fileRef = 481BDDCE2A6F70AB006D4D80 /* NetworkManager.swift */; };
		481BDDD12A6F876C006D4D80 /* VerifyIdentityView.swift in Sources */ = {isa = PBXBuildFile; fileRef = 481BDDD02A6F876C006D4D80 /* VerifyIdentityView.swift */; };
		48A876492A7CB37D008F0B62 /* GoogLeNetPlaces.mlmodel in Sources */ = {isa = PBXBuildFile; fileRef = 48A876482A7CB37D008F0B62 /* GoogLeNetPlaces.mlmodel */; };
/* End PBXBuildFile section */

/* Begin PBXFileReference section */
		480A30172A7C79A80087FABD /* ImageClassificationView.swift */ = {isa = PBXFileReference; lastKnownFileType = sourcecode.swift; path = ImageClassificationView.swift; sourceTree = "<group>"; };
		480A30192A7C7ACD0087FABD /* ImagePicker.swift */ = {isa = PBXFileReference; lastKnownFileType = sourcecode.swift; path = ImagePicker.swift; sourceTree = "<group>"; };
		480A301D2A7CB28C0087FABD /* Extensions.swift */ = {isa = PBXFileReference; lastKnownFileType = sourcecode.swift; path = Extensions.swift; sourceTree = "<group>"; };
		481BDDB22A6E02D3006D4D80 /* Genesis.app */ = {isa = PBXFileReference; explicitFileType = wrapper.application; includeInIndex = 0; path = Genesis.app; sourceTree = BUILT_PRODUCTS_DIR; };
		481BDDB52A6E02D3006D4D80 /* GenesisApp.swift */ = {isa = PBXFileReference; lastKnownFileType = sourcecode.swift; path = GenesisApp.swift; sourceTree = "<group>"; };
		481BDDB72A6E02D3006D4D80 /* ContentView.swift */ = {isa = PBXFileReference; lastKnownFileType = sourcecode.swift; path = ContentView.swift; sourceTree = "<group>"; };
		481BDDB92A6E02D4006D4D80 /* Assets.xcassets */ = {isa = PBXFileReference; lastKnownFileType = folder.assetcatalog; path = Assets.xcassets; sourceTree = "<group>"; };
		481BDDBC2A6E02D4006D4D80 /* Preview Assets.xcassets */ = {isa = PBXFileReference; lastKnownFileType = folder.assetcatalog; path = "Preview Assets.xcassets"; sourceTree = "<group>"; };
		481BDDC32A6E0E65006D4D80 /* GenesisAnalysisClassifier.mlmodel */ = {isa = PBXFileReference; lastKnownFileType = file.mlmodel; path = GenesisAnalysisClassifier.mlmodel; sourceTree = "<group>"; };
		481BDDCC2A6F6F44006D4D80 /* SignUp.swift */ = {isa = PBXFileReference; lastKnownFileType = sourcecode.swift; path = SignUp.swift; sourceTree = "<group>"; };
		481BDDCE2A6F70AB006D4D80 /* NetworkManager.swift */ = {isa = PBXFileReference; lastKnownFileType = sourcecode.swift; path = NetworkManager.swift; sourceTree = "<group>"; };
		481BDDD02A6F876C006D4D80 /* VerifyIdentityView.swift */ = {isa = PBXFileReference; lastKnownFileType = sourcecode.swift; path = VerifyIdentityView.swift; sourceTree = "<group>"; };
		48A876482A7CB37D008F0B62 /* GoogLeNetPlaces.mlmodel */ = {isa = PBXFileReference; lastKnownFileType = file.mlmodel; path = GoogLeNetPlaces.mlmodel; sourceTree = "<group>"; };
/* End PBXFileReference section */

/* Begin PBXFrameworksBuildPhase section */
		481BDDAF2A6E02D3006D4D80 /* Frameworks */ = {
			isa = PBXFrameworksBuildPhase;
			buildActionMask = 2147483647;
			files = (
			);
			runOnlyForDeploymentPostprocessing = 0;
		};
/* End PBXFrameworksBuildPhase section */

/* Begin PBXGroup section */
		481BDDA92A6E02D3006D4D80 = {
			isa = PBXGroup;
			children = (
				481BDDB42A6E02D3006D4D80 /* Genesis */,
				481BDDB32A6E02D3006D4D80 /* Products */,
			);
			sourceTree = "<group>";
		};
		481BDDB32A6E02D3006D4D80 /* Products */ = {
			isa = PBXGroup;
			children = (
				481BDDB22A6E02D3006D4D80 /* Genesis.app */,
			);
			name = Products;
			sourceTree = "<group>";
		};
		481BDDB42A6E02D3006D4D80 /* Genesis */ = {
			isa = PBXGroup;
			children = (
				481BDDC92A6F6EBA006D4D80 /* Views */,
				481BDDC82A6F6EB3006D4D80 /* Network */,
				481BDDC62A6F6EA5006D4D80 /* Models */,
				481BDDC52A6F6E6D006D4D80 /* Assets */,
				481BDDC32A6E0E65006D4D80 /* GenesisAnalysisClassifier.mlmodel */,
				48A876482A7CB37D008F0B62 /* GoogLeNetPlaces.mlmodel */,
				481BDDB52A6E02D3006D4D80 /* GenesisApp.swift */,
				481BDDB72A6E02D3006D4D80 /* ContentView.swift */,
				481BDDB92A6E02D4006D4D80 /* Assets.xcassets */,
				481BDDBB2A6E02D4006D4D80 /* Preview Content */,
				480A301D2A7CB28C0087FABD /* Extensions.swift */,
			);
			path = Genesis;
			sourceTree = "<group>";
		};
		481BDDBB2A6E02D4006D4D80 /* Preview Content */ = {
			isa = PBXGroup;
			children = (
				481BDDBC2A6E02D4006D4D80 /* Preview Assets.xcassets */,
			);
			path = "Preview Content";
			sourceTree = "<group>";
		};
		481BDDC52A6F6E6D006D4D80 /* Assets */ = {
			isa = PBXGroup;
			children = (
			);
			path = Assets;
			sourceTree = "<group>";
		};
		481BDDC62A6F6EA5006D4D80 /* Models */ = {
			isa = PBXGroup;
			children = (
			);
			path = Models;
			sourceTree = "<group>";
		};
		481BDDC82A6F6EB3006D4D80 /* Network */ = {
			isa = PBXGroup;
			children = (
				481BDDCE2A6F70AB006D4D80 /* NetworkManager.swift */,
			);
			path = Network;
			sourceTree = "<group>";
		};
		481BDDC92A6F6EBA006D4D80 /* Views */ = {
			isa = PBXGroup;
			children = (
				481BDDCC2A6F6F44006D4D80 /* SignUp.swift */,
				481BDDD02A6F876C006D4D80 /* VerifyIdentityView.swift */,
				480A30172A7C79A80087FABD /* ImageClassificationView.swift */,
				480A30192A7C7ACD0087FABD /* ImagePicker.swift */,
			);
			path = Views;
			sourceTree = "<group>";
		};
/* End PBXGroup section */

/* Begin PBXNativeTarget section */
		481BDDB12A6E02D3006D4D80 /* Genesis */ = {
			isa = PBXNativeTarget;
			buildConfigurationList = 481BDDC02A6E02D4006D4D80 /* Build configuration list for PBXNativeTarget "Genesis" */;
			buildPhases = (
				481BDDAE2A6E02D3006D4D80 /* Sources */,
				481BDDAF2A6E02D3006D4D80 /* Frameworks */,
				481BDDB02A6E02D3006D4D80 /* Resources */,
			);
			buildRules = (
			);
			dependencies = (
			);
			name = Genesis;
			productName = Genesis;
			productReference = 481BDDB22A6E02D3006D4D80 /* Genesis.app */;
			productType = "com.apple.product-type.application";
		};
/* End PBXNativeTarget section */

/* Begin PBXProject section */
		481BDDAA2A6E02D3006D4D80 /* Project object */ = {
			isa = PBXProject;
			attributes = {
				BuildIndependentTargetsInParallel = 1;
				LastSwiftUpdateCheck = 1410;
				LastUpgradeCheck = 1410;
				TargetAttributes = {
					481BDDB12A6E02D3006D4D80 = {
						CreatedOnToolsVersion = 14.1;
					};
				};
			};
			buildConfigurationList = 481BDDAD2A6E02D3006D4D80 /* Build configuration list for PBXProject "Genesis" */;
			compatibilityVersion = "Xcode 14.0";
			developmentRegion = en;
			hasScannedForEncodings = 0;
			knownRegions = (
				en,
				Base,
			);
			mainGroup = 481BDDA92A6E02D3006D4D80;
			productRefGroup = 481BDDB32A6E02D3006D4D80 /* Products */;
			projectDirPath = "";
			projectRoot = "";
			targets = (
				481BDDB12A6E02D3006D4D80 /* Genesis */,
			);
		};
/* End PBXProject section */

/* Begin PBXResourcesBuildPhase section */
		481BDDB02A6E02D3006D4D80 /* Resources */ = {
			isa = PBXResourcesBuildPhase;
			buildActionMask = 2147483647;
			files = (
				481BDDBD2A6E02D4006D4D80 /* Preview Assets.xcassets in Resources */,
				481BDDBA2A6E02D4006D4D80 /* Assets.xcassets in Resources */,
			);
			runOnlyForDeploymentPostprocessing = 0;
		};
/* End PBXResourcesBuildPhase section */

/* Begin PBXSourcesBuildPhase section */
		481BDDAE2A6E02D3006D4D80 /* Sources */ = {
			isa = PBXSourcesBuildPhase;
			buildActionMask = 2147483647;
			files = (
				481BDDB82A6E02D3006D4D80 /* ContentView.swift in Sources */,
				48A876492A7CB37D008F0B62 /* GoogLeNetPlaces.mlmodel in Sources */,
				480A301E2A7CB28C0087FABD /* Extensions.swift in Sources */,
				481BDDCD2A6F6F44006D4D80 /* SignUp.swift in Sources */,
				480A30182A7C79A80087FABD /* ImageClassificationView.swift in Sources */,
				481BDDCF2A6F70AB006D4D80 /* NetworkManager.swift in Sources */,
				481BDDB62A6E02D3006D4D80 /* GenesisApp.swift in Sources */,
				480A301A2A7C7ACD0087FABD /* ImagePicker.swift in Sources */,
				481BDDC42A6E0E65006D4D80 /* GenesisAnalysisClassifier.mlmodel in Sources */,
				481BDDD12A6F876C006D4D80 /* VerifyIdentityView.swift in Sources */,
			);
			runOnlyForDeploymentPostprocessing = 0;
		};
/* End PBXSourcesBuildPhase section */

/* Begin XCBuildConfiguration section */
		481BDDBE2A6E02D4006D4D80 /* Debug */ = {
			isa = XCBuildConfiguration;
			buildSettings = {
				ALWAYS_SEARCH_USER_PATHS = NO;
				CLANG_ANALYZER_NONNULL = YES;
				CLANG_ANALYZER_NUMBER_OBJECT_CONVERSION = YES_AGGRESSIVE;
				CLANG_CXX_LANGUAGE_STANDARD = "gnu++20";
				CLANG_ENABLE_MODULES = YES;
				CLANG_ENABLE_OBJC_ARC = YES;
				CLANG_ENABLE_OBJC_WEAK = YES;
				CLANG_WARN_BLOCK_CAPTURE_AUTORELEASING = YES;
				CLANG_WARN_BOOL_CONVERSION = YES;
				CLANG_WARN_COMMA = YES;
				CLANG_WARN_CONSTANT_CONVERSION = YES;
				CLANG_WARN_DEPRECATED_OBJC_IMPLEMENTATIONS = YES;
				CLANG_WARN_DIRECT_OBJC_ISA_USAGE = YES_ERROR;
				CLANG_WARN_DOCUMENTATION_COMMENTS = YES;
				CLANG_WARN_EMPTY_BODY = YES;
				CLANG_WARN_ENUM_CONVERSION = YES;
				CLANG_WARN_INFINITE_RECURSION = YES;
				CLANG_WARN_INT_CONVERSION = YES;
				CLANG_WARN_NON_LITERAL_NULL_CONVERSION = YES;
				CLANG_WARN_OBJC_IMPLICIT_RETAIN_SELF = YES;
				CLANG_WARN_OBJC_LITERAL_CONVERSION = YES;
				CLANG_WARN_OBJC_ROOT_CLASS = YES_ERROR;
				CLANG_WARN_QUOTED_INCLUDE_IN_FRAMEWORK_HEADER = YES;
				CLANG_WARN_RANGE_LOOP_ANALYSIS = YES;
				CLANG_WARN_STRICT_PROTOTYPES = YES;
				CLANG_WARN_SUSPICIOUS_MOVE = YES;
				CLANG_WARN_UNGUARDED_AVAILABILITY = YES_AGGRESSIVE;
				CLANG_WARN_UNREACHABLE_CODE = YES;
				CLANG_WARN__DUPLICATE_METHOD_MATCH = YES;
				COPY_PHASE_STRIP = NO;
				DEBUG_INFORMATION_FORMAT = dwarf;
				ENABLE_STRICT_OBJC_MSGSEND = YES;
				ENABLE_TESTABILITY = YES;
				GCC_C_LANGUAGE_STANDARD = gnu11;
				GCC_DYNAMIC_NO_PIC = NO;
				GCC_NO_COMMON_BLOCKS = YES;
				GCC_OPTIMIZATION_LEVEL = 0;
				GCC_PREPROCESSOR_DEFINITIONS = (
					"DEBUG=1",
					"$(inherited)",
				);
				GCC_WARN_64_TO_32_BIT_CONVERSION = YES;
				GCC_WARN_ABOUT_RETURN_TYPE = YES_ERROR;
				GCC_WARN_UNDECLARED_SELECTOR = YES;
				GCC_WARN_UNINITIALIZED_AUTOS = YES_AGGRESSIVE;
				GCC_WARN_UNUSED_FUNCTION = YES;
				GCC_WARN_UNUSED_VARIABLE = YES;
				IPHONEOS_DEPLOYMENT_TARGET = 16.1;
				MTL_ENABLE_DEBUG_INFO = INCLUDE_SOURCE;
				MTL_FAST_MATH = YES;
				ONLY_ACTIVE_ARCH = YES;
				SDKROOT = iphoneos;
				SWIFT_ACTIVE_COMPILATION_CONDITIONS = DEBUG;
				SWIFT_OPTIMIZATION_LEVEL = "-Onone";
			};
			name = Debug;
		};
		481BDDBF2A6E02D4006D4D80 /* Release */ = {
			isa = XCBuildConfiguration;
			buildSettings = {
				ALWAYS_SEARCH_USER_PATHS = NO;
				CLANG_ANALYZER_NONNULL = YES;
				CLANG_ANALYZER_NUMBER_OBJECT_CONVERSION = YES_AGGRESSIVE;
				CLANG_CXX_LANGUAGE_STANDARD = "gnu++20";
				CLANG_ENABLE_MODULES = YES;
				CLANG_ENABLE_OBJC_ARC = YES;
				CLANG_ENABLE_OBJC_WEAK = YES;
				CLANG_WARN_BLOCK_CAPTURE_AUTORELEASING = YES;
				CLANG_WARN_BOOL_CONVERSION = YES;
				CLANG_WARN_COMMA = YES;
				CLANG_WARN_CONSTANT_CONVERSION = YES;
				CLANG_WARN_DEPRECATED_OBJC_IMPLEMENTATIONS = YES;
				CLANG_WARN_DIRECT_OBJC_ISA_USAGE = YES_ERROR;
				CLANG_WARN_DOCUMENTATION_COMMENTS = YES;
				CLANG_WARN_EMPTY_BODY = YES;
				CLANG_WARN_ENUM_CONVERSION = YES;
				CLANG_WARN_INFINITE_RECURSION = YES;
				CLANG_WARN_INT_CONVERSION = YES;
				CLANG_WARN_NON_LITERAL_NULL_CONVERSION = YES;
				CLANG_WARN_OBJC_IMPLICIT_RETAIN_SELF = YES;
				CLANG_WARN_OBJC_LITERAL_CONVERSION = YES;
				CLANG_WARN_OBJC_ROOT_CLASS = YES_ERROR;
				CLANG_WARN_QUOTED_INCLUDE_IN_FRAMEWORK_HEADER = YES;
				CLANG_WARN_RANGE_LOOP_ANALYSIS = YES;
				CLANG_WARN_STRICT_PROTOTYPES = YES;
				CLANG_WARN_SUSPICIOUS_MOVE = YES;
				CLANG_WARN_UNGUARDED_AVAILABILITY = YES_AGGRESSIVE;
				CLANG_WARN_UNREACHABLE_CODE = YES;
				CLANG_WARN__DUPLICATE_METHOD_MATCH = YES;
				COPY_PHASE_STRIP = NO;
				DEBUG_INFORMATION_FORMAT = "dwarf-with-dsym";
				ENABLE_NS_ASSERTIONS = NO;
				ENABLE_STRICT_OBJC_MSGSEND = YES;
				GCC_C_LANGUAGE_STANDARD = gnu11;
				GCC_NO_COMMON_BLOCKS = YES;
				GCC_WARN_64_TO_32_BIT_CONVERSION = YES;
				GCC_WARN_ABOUT_RETURN_TYPE = YES_ERROR;
				GCC_WARN_UNDECLARED_SELECTOR = YES;
				GCC_WARN_UNINITIALIZED_AUTOS = YES_AGGRESSIVE;
				GCC_WARN_UNUSED_FUNCTION = YES;
				GCC_WARN_UNUSED_VARIABLE = YES;
				IPHONEOS_DEPLOYMENT_TARGET = 16.1;
				MTL_ENABLE_DEBUG_INFO = NO;
				MTL_FAST_MATH = YES;
				SDKROOT = iphoneos;
				SWIFT_COMPILATION_MODE = wholemodule;
				SWIFT_OPTIMIZATION_LEVEL = "-O";
				VALIDATE_PRODUCT = YES;
			};
			name = Release;
		};
		481BDDC12A6E02D4006D4D80 /* Debug */ = {
			isa = XCBuildConfiguration;
			buildSettings = {
				ASSETCATALOG_COMPILER_APPICON_NAME = AppIcon;
				ASSETCATALOG_COMPILER_GLOBAL_ACCENT_COLOR_NAME = AccentColor;
				CODE_SIGN_STYLE = Automatic;
				CURRENT_PROJECT_VERSION = 1;
				DEVELOPMENT_ASSET_PATHS = "\"Genesis/Preview Content\"";
				DEVELOPMENT_TEAM = 5W9HDJMQ3H;
				ENABLE_PREVIEWS = YES;
				GENERATE_INFOPLIST_FILE = YES;
				INFOPLIST_KEY_UIApplicationSceneManifest_Generation = YES;
				INFOPLIST_KEY_UIApplicationSupportsIndirectInputEvents = YES;
				INFOPLIST_KEY_UILaunchScreen_Generation = YES;
				INFOPLIST_KEY_UISupportedInterfaceOrientations_iPad = "UIInterfaceOrientationPortrait UIInterfaceOrientationPortraitUpsideDown UIInterfaceOrientationLandscapeLeft UIInterfaceOrientationLandscapeRight";
				INFOPLIST_KEY_UISupportedInterfaceOrientations_iPhone = "UIInterfaceOrientationPortrait UIInterfaceOrientationLandscapeLeft UIInterfaceOrientationLandscapeRight";
				LD_RUNPATH_SEARCH_PATHS = (
					"$(inherited)",
					"@executable_path/Frameworks",
				);
				MARKETING_VERSION = 1.0;
				PRODUCT_BUNDLE_IDENTIFIER = com.LuisCedillo.Genesis;
				PRODUCT_NAME = "$(TARGET_NAME)";
				SWIFT_EMIT_LOC_STRINGS = YES;
				SWIFT_VERSION = 5.0;
				TARGETED_DEVICE_FAMILY = "1,2";
			};
			name = Debug;
		};
		481BDDC22A6E02D4006D4D80 /* Release */ = {
			isa = XCBuildConfiguration;
			buildSettings = {
				ASSETCATALOG_COMPILER_APPICON_NAME = AppIcon;
				ASSETCATALOG_COMPILER_GLOBAL_ACCENT_COLOR_NAME = AccentColor;
				CODE_SIGN_STYLE = Automatic;
				CURRENT_PROJECT_VERSION = 1;
				DEVELOPMENT_ASSET_PATHS = "\"Genesis/Preview Content\"";
				DEVELOPMENT_TEAM = 5W9HDJMQ3H;
				ENABLE_PREVIEWS = YES;
				GENERATE_INFOPLIST_FILE = YES;
				INFOPLIST_KEY_UIApplicationSceneManifest_Generation = YES;
				INFOPLIST_KEY_UIApplicationSupportsIndirectInputEvents = YES;
				INFOPLIST_KEY_UILaunchScreen_Generation = YES;
				INFOPLIST_KEY_UISupportedInterfaceOrientations_iPad = "UIInterfaceOrientationPortrait UIInterfaceOrientationPortraitUpsideDown UIInterfaceOrientationLandscapeLeft UIInterfaceOrientationLandscapeRight";
				INFOPLIST_KEY_UISupportedInterfaceOrientations_iPhone = "UIInterfaceOrientationPortrait UIInterfaceOrientationLandscapeLeft UIInterfaceOrientationLandscapeRight";
				LD_RUNPATH_SEARCH_PATHS = (
					"$(inherited)",
					"@executable_path/Frameworks",
				);
				MARKETING_VERSION = 1.0;
				PRODUCT_BUNDLE_IDENTIFIER = com.LuisCedillo.Genesis;
				PRODUCT_NAME = "$(TARGET_NAME)";
				SWIFT_EMIT_LOC_STRINGS = YES;
				SWIFT_VERSION = 5.0;
				TARGETED_DEVICE_FAMILY = "1,2";
			};
			name = Release;
		};
/* End XCBuildConfiguration section */

/* Begin XCConfigurationList section */
		481BDDAD2A6E02D3006D4D80 /* Build configuration list for PBXProject "Genesis" */ = {
			isa = XCConfigurationList;
			buildConfigurations = (
				481BDDBE2A6E02D4006D4D80 /* Debug */,
				481BDDBF2A6E02D4006D4D80 /* Release */,
			);
			defaultConfigurationIsVisible = 0;
			defaultConfigurationName = Release;
		};
		481BDDC02A6E02D4006D4D80 /* Build configuration list for PBXNativeTarget "Genesis" */ = {
			isa = XCConfigurationList;
			buildConfigurations = (
				481BDDC12A6E02D4006D4D80 /* Debug */,
				481BDDC22A6E02D4006D4D80 /* Release */,
			);
			defaultConfigurationIsVisible = 0;
			defaultConfigurationName = Release;
		};
/* End XCConfigurationList section */
	};
	rootObject = 481BDDAA2A6E02D3006D4D80 /* Project object */;
}
