// !$*UTF8*$!
{
	archiveVersion = 1;
	classes = {
	};
	objectVersion = 56;
	objects = {

/* Begin PBXBuildFile section */
		160F016E2B0EEF9400BFCA3F /* DoctorInfoView.swift in Sources */ = {isa = PBXBuildFile; fileRef = 160F016D2B0EEF9300BFCA3F /* DoctorInfoView.swift */; };
		160F01712B0F1D3500BFCA3F /* PatientMedicalRecordView.swift in Sources */ = {isa = PBXBuildFile; fileRef = 160F01702B0F1D3500BFCA3F /* PatientMedicalRecordView.swift */; };
		160F01752B115E3700BFCA3F /* PrescriptionView.swift in Sources */ = {isa = PBXBuildFile; fileRef = 160F01742B115E3700BFCA3F /* PrescriptionView.swift */; };
		160F017B2B11707900BFCA3F /* Assets.xcassets in Resources */ = {isa = PBXBuildFile; fileRef = 160F017A2B11707900BFCA3F /* Assets.xcassets */; };
		160F017E2B117FD000BFCA3F /* Lottie in Frameworks */ = {isa = PBXBuildFile; productRef = 160F017D2B117FD000BFCA3F /* Lottie */; };
		160F01802B11801600BFCA3F /* LottieView.swift in Sources */ = {isa = PBXBuildFile; fileRef = 160F017F2B11801600BFCA3F /* LottieView.swift */; };
		160F01832B11806900BFCA3F /* photo.lottie in Resources */ = {isa = PBXBuildFile; fileRef = 160F01822B11806900BFCA3F /* photo.lottie */; };
		1663A6D22AE1B00F00D98838 /* AppFlowViewModel.swift in Sources */ = {isa = PBXBuildFile; fileRef = 1663A6D12AE1B00F00D98838 /* AppFlowViewModel.swift */; };
		1663A6D42AE1B02A00D98838 /* SplashScreenView.swift in Sources */ = {isa = PBXBuildFile; fileRef = 1663A6D32AE1B02A00D98838 /* SplashScreenView.swift */; };
		166481E82A7F6F330093032A /* signIn.swift in Sources */ = {isa = PBXBuildFile; fileRef = 166481E72A7F6F330093032A /* signIn.swift */; };
		166481EA2A7F72310093032A /* customTextfield.swift in Sources */ = {isa = PBXBuildFile; fileRef = 166481E92A7F72310093032A /* customTextfield.swift */; };
		166481EE2A7F8C8F0093032A /* register.swift in Sources */ = {isa = PBXBuildFile; fileRef = 166481ED2A7F8C8F0093032A /* register.swift */; };
		166481F02A7F8FB10093032A /* enroll.swift in Sources */ = {isa = PBXBuildFile; fileRef = 166481EF2A7F8FB10093032A /* enroll.swift */; };
		166481F32A7F91CB0093032A /* OneTimeCodeInput.swift in Sources */ = {isa = PBXBuildFile; fileRef = 166481F22A7F91CB0093032A /* OneTimeCodeInput.swift */; };
		166481F52A7F92020093032A /* OneTimeCodeBoxes.swift in Sources */ = {isa = PBXBuildFile; fileRef = 166481F42A7F92020093032A /* OneTimeCodeBoxes.swift */; };
		166481F72A7F923A0093032A /* oneTimeCode.swift in Sources */ = {isa = PBXBuildFile; fileRef = 166481F62A7F923A0093032A /* oneTimeCode.swift */; };
		166481FA2A7F929C0093032A /* String+.swift in Sources */ = {isa = PBXBuildFile; fileRef = 166481F92A7F929C0093032A /* String+.swift */; };
		166481FD2A7FEE2D0093032A /* HomeView.swift in Sources */ = {isa = PBXBuildFile; fileRef = 166481FC2A7FEE2D0093032A /* HomeView.swift */; };
		166481FF2A7FEF080093032A /* DashboardView.swift in Sources */ = {isa = PBXBuildFile; fileRef = 166481FE2A7FEF080093032A /* DashboardView.swift */; };
		166482032A8036A90093032A /* resultsView.swift in Sources */ = {isa = PBXBuildFile; fileRef = 166482022A8036A90093032A /* resultsView.swift */; };
		16C99C602AE713840083CC54 /* ChatView.swift in Sources */ = {isa = PBXBuildFile; fileRef = 16C99C5F2AE713840083CC54 /* ChatView.swift */; };
		16C99C622AE713990083CC54 /* MessageView.swift in Sources */ = {isa = PBXBuildFile; fileRef = 16C99C612AE713990083CC54 /* MessageView.swift */; };
		16C99C642AE716F10083CC54 /* MessageModel.swift in Sources */ = {isa = PBXBuildFile; fileRef = 16C99C632AE716F10083CC54 /* MessageModel.swift */; };
		16F2BC742AD7372C00CE4BC5 /* ViewModel.swift in Sources */ = {isa = PBXBuildFile; fileRef = 16F2BC732AD7372C00CE4BC5 /* ViewModel.swift */; };
		16F2BC762AD7384E00CE4BC5 /* Picker.swift in Sources */ = {isa = PBXBuildFile; fileRef = 16F2BC752AD7384E00CE4BC5 /* Picker.swift */; };
		16F2BC782AD738EE00CE4BC5 /* Photo.swift in Sources */ = {isa = PBXBuildFile; fileRef = 16F2BC772AD738EE00CE4BC5 /* Photo.swift */; };
		16F2BC7B2AD740E000CE4BC5 /* ImagePicker.swift in Sources */ = {isa = PBXBuildFile; fileRef = 16F2BC7A2AD740E000CE4BC5 /* ImagePicker.swift */; };
		16F2BC7D2AD740FF00CE4BC5 /* ZoomableScrollView.swift in Sources */ = {isa = PBXBuildFile; fileRef = 16F2BC7C2AD740FF00CE4BC5 /* ZoomableScrollView.swift */; };
		16F2BC802AD7415A00CE4BC5 /* FileManager+Extension.swift in Sources */ = {isa = PBXBuildFile; fileRef = 16F2BC7F2AD7415A00CE4BC5 /* FileManager+Extension.swift */; };
		16F2BC822AD7453E00CE4BC5 /* Preview Assets.xcassets in Resources */ = {isa = PBXBuildFile; fileRef = 481BDDBC2A6E02D4006D4D80 /* Preview Assets.xcassets */; };
		16F2BC842AD88C1700CE4BC5 /* NanoChallenge_2.mlpackage in Sources */ = {isa = PBXBuildFile; fileRef = 16F2BC832AD88C1700CE4BC5 /* NanoChallenge_2.mlpackage */; };
		480A30182A7C79A80087FABD /* ImageClassificationView.swift in Sources */ = {isa = PBXBuildFile; fileRef = 480A30172A7C79A80087FABD /* ImageClassificationView.swift */; };
		481998072AF56D3000931AB8 /* DashboardViewUser.swift in Sources */ = {isa = PBXBuildFile; fileRef = 481998062AF56D3000931AB8 /* DashboardViewUser.swift */; };
		481BDDB62A6E02D3006D4D80 /* GenesisApp.swift in Sources */ = {isa = PBXBuildFile; fileRef = 481BDDB52A6E02D3006D4D80 /* GenesisApp.swift */; };
		481BDDB82A6E02D3006D4D80 /* ContentView.swift in Sources */ = {isa = PBXBuildFile; fileRef = 481BDDB72A6E02D3006D4D80 /* ContentView.swift */; };
		481BDDCD2A6F6F44006D4D80 /* SignUp.swift in Sources */ = {isa = PBXBuildFile; fileRef = 481BDDCC2A6F6F44006D4D80 /* SignUp.swift */; };
		481BDDCF2A6F70AB006D4D80 /* NetworkManager.swift in Sources */ = {isa = PBXBuildFile; fileRef = 481BDDCE2A6F70AB006D4D80 /* NetworkManager.swift */; };
		481BDDD12A6F876C006D4D80 /* VerifyIdentityView.swift in Sources */ = {isa = PBXBuildFile; fileRef = 481BDDD02A6F876C006D4D80 /* VerifyIdentityView.swift */; };
		481D6D022AF9A2BF001AAAF7 /* GlobalDataModel.swift in Sources */ = {isa = PBXBuildFile; fileRef = 481D6D012AF9A2BF001AAAF7 /* GlobalDataModel.swift */; };
		483A4A6C2ADF051A005A3B4C /* Alamofire in Frameworks */ = {isa = PBXBuildFile; productRef = 483A4A6B2ADF051A005A3B4C /* Alamofire */; };
		48476D5D2B12AB11004B4DB7 /* AddPatientsView.swift in Sources */ = {isa = PBXBuildFile; fileRef = 48476D5C2B12AB11004B4DB7 /* AddPatientsView.swift */; };
		48476D5F2B12AB41004B4DB7 /* ScheduleView.swift in Sources */ = {isa = PBXBuildFile; fileRef = 48476D5E2B12AB41004B4DB7 /* ScheduleView.swift */; };
		48476D612B12AB79004B4DB7 /* NewPatientDetailsView.swift in Sources */ = {isa = PBXBuildFile; fileRef = 48476D602B12AB79004B4DB7 /* NewPatientDetailsView.swift */; };
		485E0C2D2B0E790E00DBF43A /* DoctorHomeView.swift in Sources */ = {isa = PBXBuildFile; fileRef = 485E0C2C2B0E790E00DBF43A /* DoctorHomeView.swift */; };
		485E0C2F2B0E7BC300DBF43A /* DoctorDashboardView.swift in Sources */ = {isa = PBXBuildFile; fileRef = 485E0C2E2B0E7BC300DBF43A /* DoctorDashboardView.swift */; };
		48626CC12ADF367A00CCE82B /* ViewImage.swift in Sources */ = {isa = PBXBuildFile; fileRef = 48626CC02ADF367A00CCE82B /* ViewImage.swift */; };
		48626CC32ADF5DA700CCE82B /* NetworkManager+UserAuth.swift in Sources */ = {isa = PBXBuildFile; fileRef = 48626CC22ADF5DA700CCE82B /* NetworkManager+UserAuth.swift */; };
		48626CC72ADF64D900CCE82B /* NetworkManager+UserData.swift in Sources */ = {isa = PBXBuildFile; fileRef = 48626CC62ADF64D900CCE82B /* NetworkManager+UserData.swift */; };
		48626CCA2ADF8E4000CCE82B /* NetworkManager+MedicalHistory.swift in Sources */ = {isa = PBXBuildFile; fileRef = 48626CC92ADF8E4000CCE82B /* NetworkManager+MedicalHistory.swift */; };
		48626CCC2AE0396700CCE82B /* MedicalHistoryForm.swift in Sources */ = {isa = PBXBuildFile; fileRef = 48626CCB2AE0396700CCE82B /* MedicalHistoryForm.swift */; };
		48626CCF2AE0A3F100CCE82B /* KeychainSwift in Frameworks */ = {isa = PBXBuildFile; productRef = 48626CCE2AE0A3F100CCE82B /* KeychainSwift */; };
		486D1FAA2AFDA9390050F429 /* HealthKitIntegration.swift in Sources */ = {isa = PBXBuildFile; fileRef = 486D1FA92AFDA9390050F429 /* HealthKitIntegration.swift */; };
		486D1FAD2AFDAA160050F429 /* RecordGalleryView.swift in Sources */ = {isa = PBXBuildFile; fileRef = 486D1FAC2AFDAA160050F429 /* RecordGalleryView.swift */; };
		486D1FB02AFED3050050F429 /* ProfileView.swift in Sources */ = {isa = PBXBuildFile; fileRef = 486D1FAF2AFED3050050F429 /* ProfileView.swift */; };
		487AC5DB2AFD3A0C001F1755 /* UserBadgeView.swift in Sources */ = {isa = PBXBuildFile; fileRef = 487AC5DA2AFD3A0C001F1755 /* UserBadgeView.swift */; };
		4897AD1F2B119C5900E6CA5E /* FirebaseManager.swift in Sources */ = {isa = PBXBuildFile; fileRef = 4897AD1E2B119C5900E6CA5E /* FirebaseManager.swift */; };
		48A876492A7CB37D008F0B62 /* GoogLeNetPlaces.mlmodel in Sources */ = {isa = PBXBuildFile; fileRef = 48A876482A7CB37D008F0B62 /* GoogLeNetPlaces.mlmodel */; };
		48A8764D2A7CBB51008F0B62 /* LoginView.swift in Sources */ = {isa = PBXBuildFile; fileRef = 48A8764C2A7CBB51008F0B62 /* LoginView.swift */; };
		48B2497D2B0F198800DBD62A /* SocketIO in Frameworks */ = {isa = PBXBuildFile; productRef = 48B2497C2B0F198800DBD62A /* SocketIO */; };
		48B2497F2B11442100DBD62A /* GoogleService-Info.plist in Resources */ = {isa = PBXBuildFile; fileRef = 48B2497E2B11442100DBD62A /* GoogleService-Info.plist */; };
		48E76A3A2B1147EC00D4FF73 /* FirebaseAnalytics in Frameworks */ = {isa = PBXBuildFile; productRef = 48E76A392B1147EC00D4FF73 /* FirebaseAnalytics */; };
		48E76A3C2B1147EC00D4FF73 /* FirebaseAnalyticsOnDeviceConversion in Frameworks */ = {isa = PBXBuildFile; productRef = 48E76A3B2B1147EC00D4FF73 /* FirebaseAnalyticsOnDeviceConversion */; };
		48E76A3E2B1147EC00D4FF73 /* FirebaseAnalyticsSwift in Frameworks */ = {isa = PBXBuildFile; productRef = 48E76A3D2B1147EC00D4FF73 /* FirebaseAnalyticsSwift */; };
		48E76A402B1147EC00D4FF73 /* FirebaseAnalyticsWithoutAdIdSupport in Frameworks */ = {isa = PBXBuildFile; productRef = 48E76A3F2B1147EC00D4FF73 /* FirebaseAnalyticsWithoutAdIdSupport */; };
		48E76A422B1147EC00D4FF73 /* FirebaseAppCheck in Frameworks */ = {isa = PBXBuildFile; productRef = 48E76A412B1147EC00D4FF73 /* FirebaseAppCheck */; };
		48E76A442B1147EC00D4FF73 /* FirebaseAppDistribution-Beta in Frameworks */ = {isa = PBXBuildFile; productRef = 48E76A432B1147EC00D4FF73 /* FirebaseAppDistribution-Beta */; };
		48E76A462B1147EC00D4FF73 /* FirebaseAuth in Frameworks */ = {isa = PBXBuildFile; productRef = 48E76A452B1147EC00D4FF73 /* FirebaseAuth */; };
		48E76A482B1147EC00D4FF73 /* FirebaseAuthCombine-Community in Frameworks */ = {isa = PBXBuildFile; productRef = 48E76A472B1147EC00D4FF73 /* FirebaseAuthCombine-Community */; };
		48E76A4A2B1147EC00D4FF73 /* FirebaseCrashlytics in Frameworks */ = {isa = PBXBuildFile; productRef = 48E76A492B1147EC00D4FF73 /* FirebaseCrashlytics */; };
		48E76A4C2B1147EC00D4FF73 /* FirebaseDatabase in Frameworks */ = {isa = PBXBuildFile; productRef = 48E76A4B2B1147EC00D4FF73 /* FirebaseDatabase */; };
		48E76A4E2B1147EC00D4FF73 /* FirebaseDatabaseSwift in Frameworks */ = {isa = PBXBuildFile; productRef = 48E76A4D2B1147EC00D4FF73 /* FirebaseDatabaseSwift */; };
		48E76A502B1147EC00D4FF73 /* FirebaseDynamicLinks in Frameworks */ = {isa = PBXBuildFile; productRef = 48E76A4F2B1147EC00D4FF73 /* FirebaseDynamicLinks */; };
		48E76A522B1147EC00D4FF73 /* FirebaseFirestore in Frameworks */ = {isa = PBXBuildFile; productRef = 48E76A512B1147EC00D4FF73 /* FirebaseFirestore */; };
		48E76A542B1147EC00D4FF73 /* FirebaseFirestoreCombine-Community in Frameworks */ = {isa = PBXBuildFile; productRef = 48E76A532B1147EC00D4FF73 /* FirebaseFirestoreCombine-Community */; };
		48E76A562B1147EC00D4FF73 /* FirebaseFirestoreSwift in Frameworks */ = {isa = PBXBuildFile; productRef = 48E76A552B1147EC00D4FF73 /* FirebaseFirestoreSwift */; };
		48E76A582B1147EC00D4FF73 /* FirebaseFunctions in Frameworks */ = {isa = PBXBuildFile; productRef = 48E76A572B1147EC00D4FF73 /* FirebaseFunctions */; };
		48E76A5A2B1147EC00D4FF73 /* FirebaseFunctionsCombine-Community in Frameworks */ = {isa = PBXBuildFile; productRef = 48E76A592B1147EC00D4FF73 /* FirebaseFunctionsCombine-Community */; };
		48E76A5C2B1147EC00D4FF73 /* FirebaseInAppMessaging-Beta in Frameworks */ = {isa = PBXBuildFile; productRef = 48E76A5B2B1147EC00D4FF73 /* FirebaseInAppMessaging-Beta */; };
		48E76A5E2B1147EC00D4FF73 /* FirebaseInAppMessagingSwift-Beta in Frameworks */ = {isa = PBXBuildFile; productRef = 48E76A5D2B1147EC00D4FF73 /* FirebaseInAppMessagingSwift-Beta */; };
		48E76A602B1147EC00D4FF73 /* FirebaseInstallations in Frameworks */ = {isa = PBXBuildFile; productRef = 48E76A5F2B1147EC00D4FF73 /* FirebaseInstallations */; };
		48E76A622B1147EC00D4FF73 /* FirebaseMLModelDownloader in Frameworks */ = {isa = PBXBuildFile; productRef = 48E76A612B1147EC00D4FF73 /* FirebaseMLModelDownloader */; };
		48E76A642B1147EC00D4FF73 /* FirebaseMessaging in Frameworks */ = {isa = PBXBuildFile; productRef = 48E76A632B1147EC00D4FF73 /* FirebaseMessaging */; };
		48E76A662B1147EC00D4FF73 /* FirebasePerformance in Frameworks */ = {isa = PBXBuildFile; productRef = 48E76A652B1147EC00D4FF73 /* FirebasePerformance */; };
		48E76A682B1147EC00D4FF73 /* FirebaseRemoteConfig in Frameworks */ = {isa = PBXBuildFile; productRef = 48E76A672B1147EC00D4FF73 /* FirebaseRemoteConfig */; };
		48E76A6A2B1147EC00D4FF73 /* FirebaseRemoteConfigSwift in Frameworks */ = {isa = PBXBuildFile; productRef = 48E76A692B1147EC00D4FF73 /* FirebaseRemoteConfigSwift */; };
		48E76A6C2B1147EC00D4FF73 /* FirebaseStorage in Frameworks */ = {isa = PBXBuildFile; productRef = 48E76A6B2B1147EC00D4FF73 /* FirebaseStorage */; };
		48E76A6E2B1147EC00D4FF73 /* FirebaseStorageCombine-Community in Frameworks */ = {isa = PBXBuildFile; productRef = 48E76A6D2B1147EC00D4FF73 /* FirebaseStorageCombine-Community */; };
		48E76A702B114B4700D4FF73 /* MainMessageView.swift in Sources */ = {isa = PBXBuildFile; fileRef = 48E76A6F2B114B4700D4FF73 /* MainMessageView.swift */; };
		AF508CCF2B0BE88700DBFB05 /* Dashboard.swift in Sources */ = {isa = PBXBuildFile; fileRef = AF508CCE2B0BE88700DBFB05 /* Dashboard.swift */; };
/* End PBXBuildFile section */

/* Begin PBXFileReference section */
		160F016D2B0EEF9300BFCA3F /* DoctorInfoView.swift */ = {isa = PBXFileReference; lastKnownFileType = sourcecode.swift; path = DoctorInfoView.swift; sourceTree = "<group>"; };
		160F01702B0F1D3500BFCA3F /* PatientMedicalRecordView.swift */ = {isa = PBXFileReference; lastKnownFileType = sourcecode.swift; path = PatientMedicalRecordView.swift; sourceTree = "<group>"; };
		160F01742B115E3700BFCA3F /* PrescriptionView.swift */ = {isa = PBXFileReference; lastKnownFileType = sourcecode.swift; path = PrescriptionView.swift; sourceTree = "<group>"; };
		160F017A2B11707900BFCA3F /* Assets.xcassets */ = {isa = PBXFileReference; lastKnownFileType = folder.assetcatalog; path = Assets.xcassets; sourceTree = "<group>"; };
		160F017F2B11801600BFCA3F /* LottieView.swift */ = {isa = PBXFileReference; lastKnownFileType = sourcecode.swift; path = LottieView.swift; sourceTree = "<group>"; };
		160F01822B11806900BFCA3F /* photo.lottie */ = {isa = PBXFileReference; lastKnownFileType = file; path = photo.lottie; sourceTree = "<group>"; };
		1663A6D12AE1B00F00D98838 /* AppFlowViewModel.swift */ = {isa = PBXFileReference; lastKnownFileType = sourcecode.swift; path = AppFlowViewModel.swift; sourceTree = "<group>"; };
		1663A6D32AE1B02A00D98838 /* SplashScreenView.swift */ = {isa = PBXFileReference; lastKnownFileType = sourcecode.swift; path = SplashScreenView.swift; sourceTree = "<group>"; };
		166481E72A7F6F330093032A /* signIn.swift */ = {isa = PBXFileReference; lastKnownFileType = sourcecode.swift; path = signIn.swift; sourceTree = "<group>"; };
		166481E92A7F72310093032A /* customTextfield.swift */ = {isa = PBXFileReference; lastKnownFileType = sourcecode.swift; path = customTextfield.swift; sourceTree = "<group>"; };
		166481ED2A7F8C8F0093032A /* register.swift */ = {isa = PBXFileReference; lastKnownFileType = sourcecode.swift; path = register.swift; sourceTree = "<group>"; };
		166481EF2A7F8FB10093032A /* enroll.swift */ = {isa = PBXFileReference; lastKnownFileType = sourcecode.swift; path = enroll.swift; sourceTree = "<group>"; };
		166481F22A7F91CB0093032A /* OneTimeCodeInput.swift */ = {isa = PBXFileReference; lastKnownFileType = sourcecode.swift; path = OneTimeCodeInput.swift; sourceTree = "<group>"; };
		166481F42A7F92020093032A /* OneTimeCodeBoxes.swift */ = {isa = PBXFileReference; lastKnownFileType = sourcecode.swift; path = OneTimeCodeBoxes.swift; sourceTree = "<group>"; };
		166481F62A7F923A0093032A /* oneTimeCode.swift */ = {isa = PBXFileReference; lastKnownFileType = sourcecode.swift; path = oneTimeCode.swift; sourceTree = "<group>"; };
		166481F92A7F929C0093032A /* String+.swift */ = {isa = PBXFileReference; lastKnownFileType = sourcecode.swift; path = "String+.swift"; sourceTree = "<group>"; };
		166481FC2A7FEE2D0093032A /* HomeView.swift */ = {isa = PBXFileReference; lastKnownFileType = sourcecode.swift; path = HomeView.swift; sourceTree = "<group>"; };
		166481FE2A7FEF080093032A /* DashboardView.swift */ = {isa = PBXFileReference; lastKnownFileType = sourcecode.swift; path = DashboardView.swift; sourceTree = "<group>"; };
		166482022A8036A90093032A /* resultsView.swift */ = {isa = PBXFileReference; lastKnownFileType = sourcecode.swift; path = resultsView.swift; sourceTree = "<group>"; };
		16C99C5F2AE713840083CC54 /* ChatView.swift */ = {isa = PBXFileReference; lastKnownFileType = sourcecode.swift; path = ChatView.swift; sourceTree = "<group>"; };
		16C99C612AE713990083CC54 /* MessageView.swift */ = {isa = PBXFileReference; lastKnownFileType = sourcecode.swift; path = MessageView.swift; sourceTree = "<group>"; };
		16C99C632AE716F10083CC54 /* MessageModel.swift */ = {isa = PBXFileReference; lastKnownFileType = sourcecode.swift; path = MessageModel.swift; sourceTree = "<group>"; };
		16F2BC732AD7372C00CE4BC5 /* ViewModel.swift */ = {isa = PBXFileReference; lastKnownFileType = sourcecode.swift; path = ViewModel.swift; sourceTree = "<group>"; };
		16F2BC752AD7384E00CE4BC5 /* Picker.swift */ = {isa = PBXFileReference; lastKnownFileType = sourcecode.swift; path = Picker.swift; sourceTree = "<group>"; };
		16F2BC772AD738EE00CE4BC5 /* Photo.swift */ = {isa = PBXFileReference; lastKnownFileType = sourcecode.swift; path = Photo.swift; sourceTree = "<group>"; };
		16F2BC7A2AD740E000CE4BC5 /* ImagePicker.swift */ = {isa = PBXFileReference; lastKnownFileType = sourcecode.swift; path = ImagePicker.swift; sourceTree = "<group>"; };
		16F2BC7C2AD740FF00CE4BC5 /* ZoomableScrollView.swift */ = {isa = PBXFileReference; lastKnownFileType = sourcecode.swift; path = ZoomableScrollView.swift; sourceTree = "<group>"; };
		16F2BC7F2AD7415A00CE4BC5 /* FileManager+Extension.swift */ = {isa = PBXFileReference; lastKnownFileType = sourcecode.swift; path = "FileManager+Extension.swift"; sourceTree = "<group>"; };
		16F2BC832AD88C1700CE4BC5 /* NanoChallenge_2.mlpackage */ = {isa = PBXFileReference; lastKnownFileType = folder.mlpackage; path = NanoChallenge_2.mlpackage; sourceTree = "<group>"; };
		480A30172A7C79A80087FABD /* ImageClassificationView.swift */ = {isa = PBXFileReference; lastKnownFileType = sourcecode.swift; path = ImageClassificationView.swift; sourceTree = "<group>"; };
		481998062AF56D3000931AB8 /* DashboardViewUser.swift */ = {isa = PBXFileReference; lastKnownFileType = sourcecode.swift; path = DashboardViewUser.swift; sourceTree = "<group>"; };
		481BDDB22A6E02D3006D4D80 /* DermAware.app */ = {isa = PBXFileReference; explicitFileType = wrapper.application; includeInIndex = 0; path = DermAware.app; sourceTree = BUILT_PRODUCTS_DIR; };
		481BDDB52A6E02D3006D4D80 /* GenesisApp.swift */ = {isa = PBXFileReference; lastKnownFileType = sourcecode.swift; path = GenesisApp.swift; sourceTree = "<group>"; };
		481BDDB72A6E02D3006D4D80 /* ContentView.swift */ = {isa = PBXFileReference; lastKnownFileType = sourcecode.swift; path = ContentView.swift; sourceTree = "<group>"; };
		481BDDBC2A6E02D4006D4D80 /* Preview Assets.xcassets */ = {isa = PBXFileReference; lastKnownFileType = folder.assetcatalog; path = "Preview Assets.xcassets"; sourceTree = "<group>"; };
		481BDDCC2A6F6F44006D4D80 /* SignUp.swift */ = {isa = PBXFileReference; lastKnownFileType = sourcecode.swift; path = SignUp.swift; sourceTree = "<group>"; };
		481BDDCE2A6F70AB006D4D80 /* NetworkManager.swift */ = {isa = PBXFileReference; lastKnownFileType = sourcecode.swift; path = NetworkManager.swift; sourceTree = "<group>"; };
		481BDDD02A6F876C006D4D80 /* VerifyIdentityView.swift */ = {isa = PBXFileReference; lastKnownFileType = sourcecode.swift; path = VerifyIdentityView.swift; sourceTree = "<group>"; };
		481D6D012AF9A2BF001AAAF7 /* GlobalDataModel.swift */ = {isa = PBXFileReference; lastKnownFileType = sourcecode.swift; path = GlobalDataModel.swift; sourceTree = "<group>"; };
		48476D5C2B12AB11004B4DB7 /* AddPatientsView.swift */ = {isa = PBXFileReference; lastKnownFileType = sourcecode.swift; path = AddPatientsView.swift; sourceTree = "<group>"; };
		48476D5E2B12AB41004B4DB7 /* ScheduleView.swift */ = {isa = PBXFileReference; lastKnownFileType = sourcecode.swift; path = ScheduleView.swift; sourceTree = "<group>"; };
		48476D602B12AB79004B4DB7 /* NewPatientDetailsView.swift */ = {isa = PBXFileReference; lastKnownFileType = sourcecode.swift; path = NewPatientDetailsView.swift; sourceTree = "<group>"; };
		485E0C2C2B0E790E00DBF43A /* DoctorHomeView.swift */ = {isa = PBXFileReference; lastKnownFileType = sourcecode.swift; path = DoctorHomeView.swift; sourceTree = "<group>"; };
		485E0C2E2B0E7BC300DBF43A /* DoctorDashboardView.swift */ = {isa = PBXFileReference; lastKnownFileType = sourcecode.swift; path = DoctorDashboardView.swift; sourceTree = "<group>"; };
		48626CC02ADF367A00CCE82B /* ViewImage.swift */ = {isa = PBXFileReference; lastKnownFileType = sourcecode.swift; path = ViewImage.swift; sourceTree = "<group>"; };
		48626CC22ADF5DA700CCE82B /* NetworkManager+UserAuth.swift */ = {isa = PBXFileReference; lastKnownFileType = sourcecode.swift; path = "NetworkManager+UserAuth.swift"; sourceTree = "<group>"; };
		48626CC62ADF64D900CCE82B /* NetworkManager+UserData.swift */ = {isa = PBXFileReference; lastKnownFileType = sourcecode.swift; path = "NetworkManager+UserData.swift"; sourceTree = "<group>"; };
		48626CC92ADF8E4000CCE82B /* NetworkManager+MedicalHistory.swift */ = {isa = PBXFileReference; lastKnownFileType = sourcecode.swift; path = "NetworkManager+MedicalHistory.swift"; sourceTree = "<group>"; };
		48626CCB2AE0396700CCE82B /* MedicalHistoryForm.swift */ = {isa = PBXFileReference; lastKnownFileType = sourcecode.swift; path = MedicalHistoryForm.swift; sourceTree = "<group>"; };
		486D1FA72AFD43900050F429 /* Genesis.entitlements */ = {isa = PBXFileReference; lastKnownFileType = text.plist.entitlements; path = Genesis.entitlements; sourceTree = "<group>"; };
		486D1FA82AFD6B1B0050F429 /* Info.plist */ = {isa = PBXFileReference; lastKnownFileType = text.plist; path = Info.plist; sourceTree = "<group>"; };
		486D1FA92AFDA9390050F429 /* HealthKitIntegration.swift */ = {isa = PBXFileReference; lastKnownFileType = sourcecode.swift; path = HealthKitIntegration.swift; sourceTree = "<group>"; };
		486D1FAC2AFDAA160050F429 /* RecordGalleryView.swift */ = {isa = PBXFileReference; lastKnownFileType = sourcecode.swift; path = RecordGalleryView.swift; sourceTree = "<group>"; };
		486D1FAF2AFED3050050F429 /* ProfileView.swift */ = {isa = PBXFileReference; lastKnownFileType = sourcecode.swift; path = ProfileView.swift; sourceTree = "<group>"; };
		487AC5DA2AFD3A0C001F1755 /* UserBadgeView.swift */ = {isa = PBXFileReference; lastKnownFileType = sourcecode.swift; path = UserBadgeView.swift; sourceTree = "<group>"; };
		4897AD1E2B119C5900E6CA5E /* FirebaseManager.swift */ = {isa = PBXFileReference; lastKnownFileType = sourcecode.swift; path = FirebaseManager.swift; sourceTree = "<group>"; };
		48A876482A7CB37D008F0B62 /* GoogLeNetPlaces.mlmodel */ = {isa = PBXFileReference; lastKnownFileType = file.mlmodel; path = GoogLeNetPlaces.mlmodel; sourceTree = "<group>"; };
		48A8764C2A7CBB51008F0B62 /* LoginView.swift */ = {isa = PBXFileReference; lastKnownFileType = sourcecode.swift; path = LoginView.swift; sourceTree = "<group>"; };
		48B2497E2B11442100DBD62A /* GoogleService-Info.plist */ = {isa = PBXFileReference; fileEncoding = 4; lastKnownFileType = text.plist.xml; path = "GoogleService-Info.plist"; sourceTree = "<group>"; };
		48E76A6F2B114B4700D4FF73 /* MainMessageView.swift */ = {isa = PBXFileReference; lastKnownFileType = sourcecode.swift; path = MainMessageView.swift; sourceTree = "<group>"; };
		AF508CCE2B0BE88700DBFB05 /* Dashboard.swift */ = {isa = PBXFileReference; lastKnownFileType = sourcecode.swift; path = Dashboard.swift; sourceTree = "<group>"; };
/* End PBXFileReference section */

/* Begin PBXFrameworksBuildPhase section */
		481BDDAF2A6E02D3006D4D80 /* Frameworks */ = {
			isa = PBXFrameworksBuildPhase;
			buildActionMask = 2147483647;
			files = (
				48E76A5E2B1147EC00D4FF73 /* FirebaseInAppMessagingSwift-Beta in Frameworks */,
				48E76A4E2B1147EC00D4FF73 /* FirebaseDatabaseSwift in Frameworks */,
				48E76A4C2B1147EC00D4FF73 /* FirebaseDatabase in Frameworks */,
				48E76A622B1147EC00D4FF73 /* FirebaseMLModelDownloader in Frameworks */,
				48E76A422B1147EC00D4FF73 /* FirebaseAppCheck in Frameworks */,
				48E76A5A2B1147EC00D4FF73 /* FirebaseFunctionsCombine-Community in Frameworks */,
				48E76A602B1147EC00D4FF73 /* FirebaseInstallations in Frameworks */,
				48E76A642B1147EC00D4FF73 /* FirebaseMessaging in Frameworks */,
				48E76A462B1147EC00D4FF73 /* FirebaseAuth in Frameworks */,
				48E76A682B1147EC00D4FF73 /* FirebaseRemoteConfig in Frameworks */,
				48E76A3E2B1147EC00D4FF73 /* FirebaseAnalyticsSwift in Frameworks */,
				160F017E2B117FD000BFCA3F /* Lottie in Frameworks */,
				48E76A6C2B1147EC00D4FF73 /* FirebaseStorage in Frameworks */,
				48E76A662B1147EC00D4FF73 /* FirebasePerformance in Frameworks */,
				48E76A522B1147EC00D4FF73 /* FirebaseFirestore in Frameworks */,
				48626CCF2AE0A3F100CCE82B /* KeychainSwift in Frameworks */,
				48E76A5C2B1147EC00D4FF73 /* FirebaseInAppMessaging-Beta in Frameworks */,
				483A4A6C2ADF051A005A3B4C /* Alamofire in Frameworks */,
				48E76A3C2B1147EC00D4FF73 /* FirebaseAnalyticsOnDeviceConversion in Frameworks */,
				48E76A6A2B1147EC00D4FF73 /* FirebaseRemoteConfigSwift in Frameworks */,
				48E76A482B1147EC00D4FF73 /* FirebaseAuthCombine-Community in Frameworks */,
				48E76A582B1147EC00D4FF73 /* FirebaseFunctions in Frameworks */,
				48E76A402B1147EC00D4FF73 /* FirebaseAnalyticsWithoutAdIdSupport in Frameworks */,
				48E76A6E2B1147EC00D4FF73 /* FirebaseStorageCombine-Community in Frameworks */,
				48E76A542B1147EC00D4FF73 /* FirebaseFirestoreCombine-Community in Frameworks */,
				48E76A3A2B1147EC00D4FF73 /* FirebaseAnalytics in Frameworks */,
				48E76A4A2B1147EC00D4FF73 /* FirebaseCrashlytics in Frameworks */,
				48B2497D2B0F198800DBD62A /* SocketIO in Frameworks */,
				48E76A442B1147EC00D4FF73 /* FirebaseAppDistribution-Beta in Frameworks */,
				48E76A502B1147EC00D4FF73 /* FirebaseDynamicLinks in Frameworks */,
				48E76A562B1147EC00D4FF73 /* FirebaseFirestoreSwift in Frameworks */,
			);
			runOnlyForDeploymentPostprocessing = 0;
		};
/* End PBXFrameworksBuildPhase section */

/* Begin PBXGroup section */
		160F016C2B0EE8C100BFCA3F /* Dash */ = {
			isa = PBXGroup;
			children = (
				160F016D2B0EEF9300BFCA3F /* DoctorInfoView.swift */,
			);
			path = Dash;
			sourceTree = "<group>";
		};
		160F016F2B0F1D0D00BFCA3F /* Prescription */ = {
			isa = PBXGroup;
			children = (
			);
			path = Prescription;
			sourceTree = "<group>";
		};
		160F01812B11802100BFCA3F /* Lottie Files */ = {
			isa = PBXGroup;
			children = (
				160F01822B11806900BFCA3F /* photo.lottie */,
			);
			path = "Lottie Files";
			sourceTree = "<group>";
		};
		166481E62A7F6F170093032A /* Login */ = {
			isa = PBXGroup;
			children = (
				166481F82A7F92860093032A /* utils */,
				166481F12A7F91AB0093032A /* oneTimeCode */,
				166481E72A7F6F330093032A /* signIn.swift */,
				166481F62A7F923A0093032A /* oneTimeCode.swift */,
				166481ED2A7F8C8F0093032A /* register.swift */,
				166481EF2A7F8FB10093032A /* enroll.swift */,
			);
			path = Login;
			sourceTree = "<group>";
		};
		166481F12A7F91AB0093032A /* oneTimeCode */ = {
			isa = PBXGroup;
			children = (
				166481F22A7F91CB0093032A /* OneTimeCodeInput.swift */,
				166481F42A7F92020093032A /* OneTimeCodeBoxes.swift */,
			);
			path = oneTimeCode;
			sourceTree = "<group>";
		};
		166481F82A7F92860093032A /* utils */ = {
			isa = PBXGroup;
			children = (
				166481F92A7F929C0093032A /* String+.swift */,
			);
			path = utils;
			sourceTree = "<group>";
		};
		166481FB2A7FE5680093032A /* Home */ = {
			isa = PBXGroup;
			children = (
				160F016C2B0EE8C100BFCA3F /* Dash */,
				166481FC2A7FEE2D0093032A /* HomeView.swift */,
				166481FE2A7FEF080093032A /* DashboardView.swift */,
				16F2BC772AD738EE00CE4BC5 /* Photo.swift */,
				481998062AF56D3000931AB8 /* DashboardViewUser.swift */,
				485E0C2C2B0E790E00DBF43A /* DoctorHomeView.swift */,
				485E0C2E2B0E7BC300DBF43A /* DoctorDashboardView.swift */,
			);
			path = Home;
			sourceTree = "<group>";
		};
		16C99C5E2AE713750083CC54 /* Chat */ = {
			isa = PBXGroup;
			children = (
				16C99C5F2AE713840083CC54 /* ChatView.swift */,
				16C99C612AE713990083CC54 /* MessageView.swift */,
				48E76A6F2B114B4700D4FF73 /* MainMessageView.swift */,
			);
			path = Chat;
			sourceTree = "<group>";
		};
		16F2BC6E2AD7363300CE4BC5 /* Camera */ = {
			isa = PBXGroup;
			children = (
			);
			path = Camera;
			sourceTree = "<group>";
		};
		16F2BC792AD740A800CE4BC5 /* UIViewRepresentable */ = {
			isa = PBXGroup;
			children = (
				16F2BC7A2AD740E000CE4BC5 /* ImagePicker.swift */,
				16F2BC7C2AD740FF00CE4BC5 /* ZoomableScrollView.swift */,
			);
			path = UIViewRepresentable;
			sourceTree = "<group>";
		};
		16F2BC7E2AD7411100CE4BC5 /* Extension */ = {
			isa = PBXGroup;
			children = (
				16F2BC7F2AD7415A00CE4BC5 /* FileManager+Extension.swift */,
			);
			path = Extension;
			sourceTree = "<group>";
		};
		481BDDA92A6E02D3006D4D80 = {
			isa = PBXGroup;
			children = (
				481BDDB42A6E02D3006D4D80 /* Genesis */,
				481BDDB32A6E02D3006D4D80 /* Products */,
			);
			sourceTree = "<group>";
		};
		481BDDB32A6E02D3006D4D80 /* Products */ = {
			isa = PBXGroup;
			children = (
				481BDDB22A6E02D3006D4D80 /* DermAware.app */,
			);
			name = Products;
			sourceTree = "<group>";
		};
		481BDDB42A6E02D3006D4D80 /* Genesis */ = {
			isa = PBXGroup;
			children = (
				160F01812B11802100BFCA3F /* Lottie Files */,
				48B2497E2B11442100DBD62A /* GoogleService-Info.plist */,
				486D1FA82AFD6B1B0050F429 /* Info.plist */,
				486D1FA72AFD43900050F429 /* Genesis.entitlements */,
				16F2BC7E2AD7411100CE4BC5 /* Extension */,
				16F2BC792AD740A800CE4BC5 /* UIViewRepresentable */,
				481BDDC92A6F6EBA006D4D80 /* Views */,
				481BDDC82A6F6EB3006D4D80 /* Network */,
				481BDDC62A6F6EA5006D4D80 /* Models */,
				481BDDC52A6F6E6D006D4D80 /* Assets */,
				48A876482A7CB37D008F0B62 /* GoogLeNetPlaces.mlmodel */,
				16F2BC832AD88C1700CE4BC5 /* NanoChallenge_2.mlpackage */,
				160F017A2B11707900BFCA3F /* Assets.xcassets */,
				481BDDB52A6E02D3006D4D80 /* GenesisApp.swift */,
				481BDDB72A6E02D3006D4D80 /* ContentView.swift */,
				481BDDBB2A6E02D4006D4D80 /* Preview Content */,
			);
			path = Genesis;
			sourceTree = "<group>";
		};
		481BDDBB2A6E02D4006D4D80 /* Preview Content */ = {
			isa = PBXGroup;
			children = (
				481BDDBC2A6E02D4006D4D80 /* Preview Assets.xcassets */,
			);
			path = "Preview Content";
			sourceTree = "<group>";
		};
		481BDDC52A6F6E6D006D4D80 /* Assets */ = {
			isa = PBXGroup;
			children = (
			);
			path = Assets;
			sourceTree = "<group>";
		};
		481BDDC62A6F6EA5006D4D80 /* Models */ = {
			isa = PBXGroup;
			children = (
				16F2BC732AD7372C00CE4BC5 /* ViewModel.swift */,
				16F2BC752AD7384E00CE4BC5 /* Picker.swift */,
				1663A6D12AE1B00F00D98838 /* AppFlowViewModel.swift */,
				16C99C632AE716F10083CC54 /* MessageModel.swift */,
				481D6D012AF9A2BF001AAAF7 /* GlobalDataModel.swift */,
				4897AD1E2B119C5900E6CA5E /* FirebaseManager.swift */,
			);
			path = Models;
			sourceTree = "<group>";
		};
		481BDDC82A6F6EB3006D4D80 /* Network */ = {
			isa = PBXGroup;
			children = (
				481BDDCE2A6F70AB006D4D80 /* NetworkManager.swift */,
				48626CC22ADF5DA700CCE82B /* NetworkManager+UserAuth.swift */,
				48626CC62ADF64D900CCE82B /* NetworkManager+UserData.swift */,
				48626CC92ADF8E4000CCE82B /* NetworkManager+MedicalHistory.swift */,
			);
			path = Network;
			sourceTree = "<group>";
		};
		481BDDC92A6F6EBA006D4D80 /* Views */ = {
			isa = PBXGroup;
			children = (
				48476D5B2B12AAE4004B4DB7 /* Doctors */,
				486D1FAE2AFED2C80050F429 /* User */,
				486D1FAB2AFDA9ED0050F429 /* Gallery */,
				487AC5D92AFD39E9001F1755 /* Badge */,
				16C99C5E2AE713750083CC54 /* Chat */,
				48626CBF2ADF366800CCE82B /* MedicalHistory */,
				16F2BC6E2AD7363300CE4BC5 /* Camera */,
				166481FB2A7FE5680093032A /* Home */,
				166481E62A7F6F170093032A /* Login */,
				481BDDCC2A6F6F44006D4D80 /* SignUp.swift */,
				160F016F2B0F1D0D00BFCA3F /* Prescription */,
				481BDDD02A6F876C006D4D80 /* VerifyIdentityView.swift */,
				480A30172A7C79A80087FABD /* ImageClassificationView.swift */,
				166482022A8036A90093032A /* resultsView.swift */,
				AF508CCE2B0BE88700DBFB05 /* Dashboard.swift */,
				166481E92A7F72310093032A /* customTextfield.swift */,
				48A8764C2A7CBB51008F0B62 /* LoginView.swift */,
				1663A6D32AE1B02A00D98838 /* SplashScreenView.swift */,
				160F017F2B11801600BFCA3F /* LottieView.swift */,
			);
			path = Views;
			sourceTree = "<group>";
		};
		48476D5B2B12AAE4004B4DB7 /* Doctors */ = {
			isa = PBXGroup;
			children = (
				48476D5C2B12AB11004B4DB7 /* AddPatientsView.swift */,
				48476D5E2B12AB41004B4DB7 /* ScheduleView.swift */,
				48476D602B12AB79004B4DB7 /* NewPatientDetailsView.swift */,
			);
			path = Doctors;
			sourceTree = "<group>";
		};
		48626CBF2ADF366800CCE82B /* MedicalHistory */ = {
			isa = PBXGroup;
			children = (
				48626CC02ADF367A00CCE82B /* ViewImage.swift */,
				160F01702B0F1D3500BFCA3F /* PatientMedicalRecordView.swift */,
				160F01742B115E3700BFCA3F /* PrescriptionView.swift */,
				48626CCB2AE0396700CCE82B /* MedicalHistoryForm.swift */,
			);
			path = MedicalHistory;
			sourceTree = "<group>";
		};
		486D1FAB2AFDA9ED0050F429 /* Gallery */ = {
			isa = PBXGroup;
			children = (
				486D1FAC2AFDAA160050F429 /* RecordGalleryView.swift */,
			);
			path = Gallery;
			sourceTree = "<group>";
		};
		486D1FAE2AFED2C80050F429 /* User */ = {
			isa = PBXGroup;
			children = (
				486D1FAF2AFED3050050F429 /* ProfileView.swift */,
			);
			path = User;
			sourceTree = "<group>";
		};
		487AC5D92AFD39E9001F1755 /* Badge */ = {
			isa = PBXGroup;
			children = (
				487AC5DA2AFD3A0C001F1755 /* UserBadgeView.swift */,
				486D1FA92AFDA9390050F429 /* HealthKitIntegration.swift */,
			);
			path = Badge;
			sourceTree = "<group>";
		};
/* End PBXGroup section */

/* Begin PBXNativeTarget section */
		481BDDB12A6E02D3006D4D80 /* DermAware */ = {
			isa = PBXNativeTarget;
			buildConfigurationList = 481BDDC02A6E02D4006D4D80 /* Build configuration list for PBXNativeTarget "DermAware" */;
			buildPhases = (
				481BDDAE2A6E02D3006D4D80 /* Sources */,
				481BDDAF2A6E02D3006D4D80 /* Frameworks */,
				481BDDB02A6E02D3006D4D80 /* Resources */,
			);
			buildRules = (
			);
			dependencies = (
			);
			name = DermAware;
			packageProductDependencies = (
				483A4A6B2ADF051A005A3B4C /* Alamofire */,
				48626CCE2AE0A3F100CCE82B /* KeychainSwift */,
				48B2497C2B0F198800DBD62A /* SocketIO */,
				48E76A392B1147EC00D4FF73 /* FirebaseAnalytics */,
				48E76A3B2B1147EC00D4FF73 /* FirebaseAnalyticsOnDeviceConversion */,
				48E76A3D2B1147EC00D4FF73 /* FirebaseAnalyticsSwift */,
				48E76A3F2B1147EC00D4FF73 /* FirebaseAnalyticsWithoutAdIdSupport */,
				48E76A412B1147EC00D4FF73 /* FirebaseAppCheck */,
				48E76A432B1147EC00D4FF73 /* FirebaseAppDistribution-Beta */,
				48E76A452B1147EC00D4FF73 /* FirebaseAuth */,
				48E76A472B1147EC00D4FF73 /* FirebaseAuthCombine-Community */,
				48E76A492B1147EC00D4FF73 /* FirebaseCrashlytics */,
				48E76A4B2B1147EC00D4FF73 /* FirebaseDatabase */,
				48E76A4D2B1147EC00D4FF73 /* FirebaseDatabaseSwift */,
				48E76A4F2B1147EC00D4FF73 /* FirebaseDynamicLinks */,
				48E76A512B1147EC00D4FF73 /* FirebaseFirestore */,
				48E76A532B1147EC00D4FF73 /* FirebaseFirestoreCombine-Community */,
				48E76A552B1147EC00D4FF73 /* FirebaseFirestoreSwift */,
				48E76A572B1147EC00D4FF73 /* FirebaseFunctions */,
				48E76A592B1147EC00D4FF73 /* FirebaseFunctionsCombine-Community */,
				48E76A5B2B1147EC00D4FF73 /* FirebaseInAppMessaging-Beta */,
				48E76A5D2B1147EC00D4FF73 /* FirebaseInAppMessagingSwift-Beta */,
				48E76A5F2B1147EC00D4FF73 /* FirebaseInstallations */,
				48E76A612B1147EC00D4FF73 /* FirebaseMLModelDownloader */,
				48E76A632B1147EC00D4FF73 /* FirebaseMessaging */,
				48E76A652B1147EC00D4FF73 /* FirebasePerformance */,
				48E76A672B1147EC00D4FF73 /* FirebaseRemoteConfig */,
				48E76A692B1147EC00D4FF73 /* FirebaseRemoteConfigSwift */,
				48E76A6B2B1147EC00D4FF73 /* FirebaseStorage */,
				48E76A6D2B1147EC00D4FF73 /* FirebaseStorageCombine-Community */,
				160F017D2B117FD000BFCA3F /* Lottie */,
			);
			productName = Genesis;
			productReference = 481BDDB22A6E02D3006D4D80 /* DermAware.app */;
			productType = "com.apple.product-type.application";
		};
/* End PBXNativeTarget section */

/* Begin PBXProject section */
		481BDDAA2A6E02D3006D4D80 /* Project object */ = {
			isa = PBXProject;
			attributes = {
				BuildIndependentTargetsInParallel = 1;
				LastSwiftUpdateCheck = 1410;
				LastUpgradeCheck = 1410;
				TargetAttributes = {
					481BDDB12A6E02D3006D4D80 = {
						CreatedOnToolsVersion = 14.1;
					};
				};
			};
			buildConfigurationList = 481BDDAD2A6E02D3006D4D80 /* Build configuration list for PBXProject "Genesis" */;
			compatibilityVersion = "Xcode 14.0";
			developmentRegion = en;
			hasScannedForEncodings = 0;
			knownRegions = (
				en,
				Base,
			);
			mainGroup = 481BDDA92A6E02D3006D4D80;
			packageReferences = (
				483A4A6A2ADF051A005A3B4C /* XCRemoteSwiftPackageReference "Alamofire" */,
				48626CCD2AE0A3F100CCE82B /* XCRemoteSwiftPackageReference "keychain-swift" */,
				48B2497B2B0F198800DBD62A /* XCRemoteSwiftPackageReference "socket" */,
				48E76A382B1147EC00D4FF73 /* XCRemoteSwiftPackageReference "firebase-ios-sdk" */,
				160F017C2B117FD000BFCA3F /* XCRemoteSwiftPackageReference "lottie-ios" */,
			);
			productRefGroup = 481BDDB32A6E02D3006D4D80 /* Products */;
			projectDirPath = "";
			projectRoot = "";
			targets = (
				481BDDB12A6E02D3006D4D80 /* DermAware */,
			);
		};
/* End PBXProject section */

/* Begin PBXResourcesBuildPhase section */
		481BDDB02A6E02D3006D4D80 /* Resources */ = {
			isa = PBXResourcesBuildPhase;
			buildActionMask = 2147483647;
			files = (
				160F01832B11806900BFCA3F /* photo.lottie in Resources */,
				16F2BC822AD7453E00CE4BC5 /* Preview Assets.xcassets in Resources */,
				160F017B2B11707900BFCA3F /* Assets.xcassets in Resources */,
				48B2497F2B11442100DBD62A /* GoogleService-Info.plist in Resources */,
			);
			runOnlyForDeploymentPostprocessing = 0;
		};
/* End PBXResourcesBuildPhase section */

/* Begin PBXSourcesBuildPhase section */
		481BDDAE2A6E02D3006D4D80 /* Sources */ = {
			isa = PBXSourcesBuildPhase;
			buildActionMask = 2147483647;
			files = (
				166481EA2A7F72310093032A /* customTextfield.swift in Sources */,
				166481E82A7F6F330093032A /* signIn.swift in Sources */,
				166481FD2A7FEE2D0093032A /* HomeView.swift in Sources */,
				16F2BC782AD738EE00CE4BC5 /* Photo.swift in Sources */,
				1663A6D42AE1B02A00D98838 /* SplashScreenView.swift in Sources */,
				48E76A702B114B4700D4FF73 /* MainMessageView.swift in Sources */,
				166481F52A7F92020093032A /* OneTimeCodeBoxes.swift in Sources */,
				1663A6D22AE1B00F00D98838 /* AppFlowViewModel.swift in Sources */,
				48626CC72ADF64D900CCE82B /* NetworkManager+UserData.swift in Sources */,
				16C99C622AE713990083CC54 /* MessageView.swift in Sources */,
				166481FA2A7F929C0093032A /* String+.swift in Sources */,
				481D6D022AF9A2BF001AAAF7 /* GlobalDataModel.swift in Sources */,
				16F2BC842AD88C1700CE4BC5 /* NanoChallenge_2.mlpackage in Sources */,
				48626CC32ADF5DA700CCE82B /* NetworkManager+UserAuth.swift in Sources */,
				AF508CCF2B0BE88700DBFB05 /* Dashboard.swift in Sources */,
				48476D5F2B12AB41004B4DB7 /* ScheduleView.swift in Sources */,
				16F2BC762AD7384E00CE4BC5 /* Picker.swift in Sources */,
				481BDDB82A6E02D3006D4D80 /* ContentView.swift in Sources */,
				166481F02A7F8FB10093032A /* enroll.swift in Sources */,
				16F2BC7D2AD740FF00CE4BC5 /* ZoomableScrollView.swift in Sources */,
				48A876492A7CB37D008F0B62 /* GoogLeNetPlaces.mlmodel in Sources */,
				166481FF2A7FEF080093032A /* DashboardView.swift in Sources */,
				486D1FAA2AFDA9390050F429 /* HealthKitIntegration.swift in Sources */,
				481BDDCD2A6F6F44006D4D80 /* SignUp.swift in Sources */,
				166481F32A7F91CB0093032A /* OneTimeCodeInput.swift in Sources */,
				480A30182A7C79A80087FABD /* ImageClassificationView.swift in Sources */,
				16F2BC742AD7372C00CE4BC5 /* ViewModel.swift in Sources */,
				160F016E2B0EEF9400BFCA3F /* DoctorInfoView.swift in Sources */,
				160F01802B11801600BFCA3F /* LottieView.swift in Sources */,
				48476D5D2B12AB11004B4DB7 /* AddPatientsView.swift in Sources */,
				160F01752B115E3700BFCA3F /* PrescriptionView.swift in Sources */,
				48626CCA2ADF8E4000CCE82B /* NetworkManager+MedicalHistory.swift in Sources */,
				481BDDCF2A6F70AB006D4D80 /* NetworkManager.swift in Sources */,
				48626CCC2AE0396700CCE82B /* MedicalHistoryForm.swift in Sources */,
				160F01712B0F1D3500BFCA3F /* PatientMedicalRecordView.swift in Sources */,
				4897AD1F2B119C5900E6CA5E /* FirebaseManager.swift in Sources */,
				16C99C602AE713840083CC54 /* ChatView.swift in Sources */,
				16C99C642AE716F10083CC54 /* MessageModel.swift in Sources */,
				481BDDB62A6E02D3006D4D80 /* GenesisApp.swift in Sources */,
				166481F72A7F923A0093032A /* oneTimeCode.swift in Sources */,
				48A8764D2A7CBB51008F0B62 /* LoginView.swift in Sources */,
				48626CC12ADF367A00CCE82B /* ViewImage.swift in Sources */,
				485E0C2F2B0E7BC300DBF43A /* DoctorDashboardView.swift in Sources */,
				485E0C2D2B0E790E00DBF43A /* DoctorHomeView.swift in Sources */,
				16F2BC802AD7415A00CE4BC5 /* FileManager+Extension.swift in Sources */,
				166482032A8036A90093032A /* resultsView.swift in Sources */,
				48476D612B12AB79004B4DB7 /* NewPatientDetailsView.swift in Sources */,
				481998072AF56D3000931AB8 /* DashboardViewUser.swift in Sources */,
				16F2BC7B2AD740E000CE4BC5 /* ImagePicker.swift in Sources */,
				166481EE2A7F8C8F0093032A /* register.swift in Sources */,
				481BDDD12A6F876C006D4D80 /* VerifyIdentityView.swift in Sources */,
				486D1FAD2AFDAA160050F429 /* RecordGalleryView.swift in Sources */,
				486D1FB02AFED3050050F429 /* ProfileView.swift in Sources */,
				487AC5DB2AFD3A0C001F1755 /* UserBadgeView.swift in Sources */,
			);
			runOnlyForDeploymentPostprocessing = 0;
		};
/* End PBXSourcesBuildPhase section */

/* Begin XCBuildConfiguration section */
		481BDDBE2A6E02D4006D4D80 /* Debug */ = {
			isa = XCBuildConfiguration;
			buildSettings = {
				ALWAYS_SEARCH_USER_PATHS = NO;
				CLANG_ANALYZER_NONNULL = YES;
				CLANG_ANALYZER_NUMBER_OBJECT_CONVERSION = YES_AGGRESSIVE;
				CLANG_CXX_LANGUAGE_STANDARD = "gnu++20";
				CLANG_ENABLE_MODULES = YES;
				CLANG_ENABLE_OBJC_ARC = YES;
				CLANG_ENABLE_OBJC_WEAK = YES;
				CLANG_WARN_BLOCK_CAPTURE_AUTORELEASING = YES;
				CLANG_WARN_BOOL_CONVERSION = YES;
				CLANG_WARN_COMMA = YES;
				CLANG_WARN_CONSTANT_CONVERSION = YES;
				CLANG_WARN_DEPRECATED_OBJC_IMPLEMENTATIONS = YES;
				CLANG_WARN_DIRECT_OBJC_ISA_USAGE = YES_ERROR;
				CLANG_WARN_DOCUMENTATION_COMMENTS = YES;
				CLANG_WARN_EMPTY_BODY = YES;
				CLANG_WARN_ENUM_CONVERSION = YES;
				CLANG_WARN_INFINITE_RECURSION = YES;
				CLANG_WARN_INT_CONVERSION = YES;
				CLANG_WARN_NON_LITERAL_NULL_CONVERSION = YES;
				CLANG_WARN_OBJC_IMPLICIT_RETAIN_SELF = YES;
				CLANG_WARN_OBJC_LITERAL_CONVERSION = YES;
				CLANG_WARN_OBJC_ROOT_CLASS = YES_ERROR;
				CLANG_WARN_QUOTED_INCLUDE_IN_FRAMEWORK_HEADER = YES;
				CLANG_WARN_RANGE_LOOP_ANALYSIS = YES;
				CLANG_WARN_STRICT_PROTOTYPES = YES;
				CLANG_WARN_SUSPICIOUS_MOVE = YES;
				CLANG_WARN_UNGUARDED_AVAILABILITY = YES_AGGRESSIVE;
				CLANG_WARN_UNREACHABLE_CODE = YES;
				CLANG_WARN__DUPLICATE_METHOD_MATCH = YES;
				COPY_PHASE_STRIP = NO;
				DEBUG_INFORMATION_FORMAT = dwarf;
				ENABLE_STRICT_OBJC_MSGSEND = YES;
				ENABLE_TESTABILITY = YES;
				GCC_C_LANGUAGE_STANDARD = gnu11;
				GCC_DYNAMIC_NO_PIC = NO;
				GCC_NO_COMMON_BLOCKS = YES;
				GCC_OPTIMIZATION_LEVEL = 0;
				GCC_PREPROCESSOR_DEFINITIONS = (
					"DEBUG=1",
					"$(inherited)",
				);
				GCC_WARN_64_TO_32_BIT_CONVERSION = YES;
				GCC_WARN_ABOUT_RETURN_TYPE = YES_ERROR;
				GCC_WARN_UNDECLARED_SELECTOR = YES;
				GCC_WARN_UNINITIALIZED_AUTOS = YES_AGGRESSIVE;
				GCC_WARN_UNUSED_FUNCTION = YES;
				GCC_WARN_UNUSED_VARIABLE = YES;
				IPHONEOS_DEPLOYMENT_TARGET = 16.1;
				MTL_ENABLE_DEBUG_INFO = INCLUDE_SOURCE;
				MTL_FAST_MATH = YES;
				ONLY_ACTIVE_ARCH = YES;
				SDKROOT = iphoneos;
				SWIFT_ACTIVE_COMPILATION_CONDITIONS = DEBUG;
				SWIFT_OPTIMIZATION_LEVEL = "-Onone";
			};
			name = Debug;
		};
		481BDDBF2A6E02D4006D4D80 /* Release */ = {
			isa = XCBuildConfiguration;
			buildSettings = {
				ALWAYS_SEARCH_USER_PATHS = NO;
				CLANG_ANALYZER_NONNULL = YES;
				CLANG_ANALYZER_NUMBER_OBJECT_CONVERSION = YES_AGGRESSIVE;
				CLANG_CXX_LANGUAGE_STANDARD = "gnu++20";
				CLANG_ENABLE_MODULES = YES;
				CLANG_ENABLE_OBJC_ARC = YES;
				CLANG_ENABLE_OBJC_WEAK = YES;
				CLANG_WARN_BLOCK_CAPTURE_AUTORELEASING = YES;
				CLANG_WARN_BOOL_CONVERSION = YES;
				CLANG_WARN_COMMA = YES;
				CLANG_WARN_CONSTANT_CONVERSION = YES;
				CLANG_WARN_DEPRECATED_OBJC_IMPLEMENTATIONS = YES;
				CLANG_WARN_DIRECT_OBJC_ISA_USAGE = YES_ERROR;
				CLANG_WARN_DOCUMENTATION_COMMENTS = YES;
				CLANG_WARN_EMPTY_BODY = YES;
				CLANG_WARN_ENUM_CONVERSION = YES;
				CLANG_WARN_INFINITE_RECURSION = YES;
				CLANG_WARN_INT_CONVERSION = YES;
				CLANG_WARN_NON_LITERAL_NULL_CONVERSION = YES;
				CLANG_WARN_OBJC_IMPLICIT_RETAIN_SELF = YES;
				CLANG_WARN_OBJC_LITERAL_CONVERSION = YES;
				CLANG_WARN_OBJC_ROOT_CLASS = YES_ERROR;
				CLANG_WARN_QUOTED_INCLUDE_IN_FRAMEWORK_HEADER = YES;
				CLANG_WARN_RANGE_LOOP_ANALYSIS = YES;
				CLANG_WARN_STRICT_PROTOTYPES = YES;
				CLANG_WARN_SUSPICIOUS_MOVE = YES;
				CLANG_WARN_UNGUARDED_AVAILABILITY = YES_AGGRESSIVE;
				CLANG_WARN_UNREACHABLE_CODE = YES;
				CLANG_WARN__DUPLICATE_METHOD_MATCH = YES;
				COPY_PHASE_STRIP = NO;
				DEBUG_INFORMATION_FORMAT = "dwarf-with-dsym";
				ENABLE_NS_ASSERTIONS = NO;
				ENABLE_STRICT_OBJC_MSGSEND = YES;
				GCC_C_LANGUAGE_STANDARD = gnu11;
				GCC_NO_COMMON_BLOCKS = YES;
				GCC_WARN_64_TO_32_BIT_CONVERSION = YES;
				GCC_WARN_ABOUT_RETURN_TYPE = YES_ERROR;
				GCC_WARN_UNDECLARED_SELECTOR = YES;
				GCC_WARN_UNINITIALIZED_AUTOS = YES_AGGRESSIVE;
				GCC_WARN_UNUSED_FUNCTION = YES;
				GCC_WARN_UNUSED_VARIABLE = YES;
				IPHONEOS_DEPLOYMENT_TARGET = 16.1;
				MTL_ENABLE_DEBUG_INFO = NO;
				MTL_FAST_MATH = YES;
				SDKROOT = iphoneos;
				SWIFT_COMPILATION_MODE = wholemodule;
				SWIFT_OPTIMIZATION_LEVEL = "-O";
				VALIDATE_PRODUCT = YES;
			};
			name = Release;
		};
		481BDDC12A6E02D4006D4D80 /* Debug */ = {
			isa = XCBuildConfiguration;
			buildSettings = {
				ASSETCATALOG_COMPILER_APPICON_NAME = AppIcon;
				ASSETCATALOG_COMPILER_GLOBAL_ACCENT_COLOR_NAME = AccentColor;
				CODE_SIGN_ENTITLEMENTS = Genesis/Genesis.entitlements;
				CODE_SIGN_STYLE = Automatic;
				CURRENT_PROJECT_VERSION = 1;
				DEVELOPMENT_ASSET_PATHS = "\"Genesis/Preview Content\"";
				DEVELOPMENT_TEAM = 9BY9RQP8PP;
				ENABLE_PREVIEWS = YES;
				GENERATE_INFOPLIST_FILE = YES;
				INFOPLIST_FILE = Genesis/Info.plist;
				INFOPLIST_KEY_CFBundleDisplayName = DermAware;
				INFOPLIST_KEY_LSApplicationCategoryType = "";
				INFOPLIST_KEY_NSCameraUsageDescription = "Analizar fotos";
				INFOPLIST_KEY_NSHealthShareUsageDescription = "Please allow to enjoy all the features of DermAware";
				INFOPLIST_KEY_NSHealthUpdateUsageDescription = "Please allow health permissions";
				INFOPLIST_KEY_NSPhotoLibraryUsageDescription = "";
				INFOPLIST_KEY_UIApplicationSceneManifest_Generation = YES;
				INFOPLIST_KEY_UIApplicationSupportsIndirectInputEvents = YES;
				INFOPLIST_KEY_UILaunchScreen_Generation = YES;
				INFOPLIST_KEY_UISupportedInterfaceOrientations_iPad = "UIInterfaceOrientationPortrait UIInterfaceOrientationPortraitUpsideDown UIInterfaceOrientationLandscapeLeft UIInterfaceOrientationLandscapeRight";
				INFOPLIST_KEY_UISupportedInterfaceOrientations_iPhone = "UIInterfaceOrientationPortrait UIInterfaceOrientationLandscapeLeft UIInterfaceOrientationLandscapeRight";
				INFOPLIST_KEY_UIUserInterfaceStyle = Light;
				LD_RUNPATH_SEARCH_PATHS = (
					"$(inherited)",
					"@executable_path/Frameworks",
				);
				MARKETING_VERSION = 1.0;
				OTHER_LIBTOOLFLAGS = "\"XCExpApple true\" \"-WLinkingC true\" \"-XCBuildForPre true\"";
				PRODUCT_BUNDLE_IDENTIFIER = mx.edu.up.ioslab.glowup;
				PRODUCT_NAME = "$(TARGET_NAME)";
				SWIFT_EMIT_LOC_STRINGS = YES;
				SWIFT_VERSION = 5.0;
				TARGETED_DEVICE_FAMILY = "1,2";
			};
			name = Debug;
		};
		481BDDC22A6E02D4006D4D80 /* Release */ = {
			isa = XCBuildConfiguration;
			buildSettings = {
				ASSETCATALOG_COMPILER_APPICON_NAME = AppIcon;
				ASSETCATALOG_COMPILER_GLOBAL_ACCENT_COLOR_NAME = AccentColor;
				CODE_SIGN_ENTITLEMENTS = Genesis/Genesis.entitlements;
				CODE_SIGN_STYLE = Automatic;
				CURRENT_PROJECT_VERSION = 1;
				DEVELOPMENT_ASSET_PATHS = "\"Genesis/Preview Content\"";
				DEVELOPMENT_TEAM = 9BY9RQP8PP;
				ENABLE_PREVIEWS = YES;
				GENERATE_INFOPLIST_FILE = YES;
				INFOPLIST_FILE = Genesis/Info.plist;
				INFOPLIST_KEY_CFBundleDisplayName = DermAware;
				INFOPLIST_KEY_LSApplicationCategoryType = "";
				INFOPLIST_KEY_NSCameraUsageDescription = "Analizar fotos";
				INFOPLIST_KEY_NSHealthShareUsageDescription = "Please allow to enjoy all the features of DermAware";
				INFOPLIST_KEY_NSHealthUpdateUsageDescription = "Please allow health permissions";
				INFOPLIST_KEY_NSPhotoLibraryUsageDescription = "";
				INFOPLIST_KEY_UIApplicationSceneManifest_Generation = YES;
				INFOPLIST_KEY_UIApplicationSupportsIndirectInputEvents = YES;
				INFOPLIST_KEY_UILaunchScreen_Generation = YES;
				INFOPLIST_KEY_UISupportedInterfaceOrientations_iPad = "UIInterfaceOrientationPortrait UIInterfaceOrientationPortraitUpsideDown UIInterfaceOrientationLandscapeLeft UIInterfaceOrientationLandscapeRight";
				INFOPLIST_KEY_UISupportedInterfaceOrientations_iPhone = "UIInterfaceOrientationPortrait UIInterfaceOrientationLandscapeLeft UIInterfaceOrientationLandscapeRight";
				INFOPLIST_KEY_UIUserInterfaceStyle = Light;
				LD_RUNPATH_SEARCH_PATHS = (
					"$(inherited)",
					"@executable_path/Frameworks",
				);
				MARKETING_VERSION = 1.0;
				OTHER_LIBTOOLFLAGS = "\"XCExpApple true\" \"-WLinkingC true\" \"-XCBuildForPre true\"";
				PRODUCT_BUNDLE_IDENTIFIER = mx.edu.up.ioslab.glowup;
				PRODUCT_NAME = "$(TARGET_NAME)";
				SWIFT_EMIT_LOC_STRINGS = YES;
				SWIFT_VERSION = 5.0;
				TARGETED_DEVICE_FAMILY = "1,2";
			};
			name = Release;
		};
/* End XCBuildConfiguration section */

/* Begin XCConfigurationList section */
		481BDDAD2A6E02D3006D4D80 /* Build configuration list for PBXProject "Genesis" */ = {
			isa = XCConfigurationList;
			buildConfigurations = (
				481BDDBE2A6E02D4006D4D80 /* Debug */,
				481BDDBF2A6E02D4006D4D80 /* Release */,
			);
			defaultConfigurationIsVisible = 0;
			defaultConfigurationName = Release;
		};
		481BDDC02A6E02D4006D4D80 /* Build configuration list for PBXNativeTarget "DermAware" */ = {
			isa = XCConfigurationList;
			buildConfigurations = (
				481BDDC12A6E02D4006D4D80 /* Debug */,
				481BDDC22A6E02D4006D4D80 /* Release */,
			);
			defaultConfigurationIsVisible = 0;
			defaultConfigurationName = Release;
		};
/* End XCConfigurationList section */

/* Begin XCRemoteSwiftPackageReference section */
		160F017C2B117FD000BFCA3F /* XCRemoteSwiftPackageReference "lottie-ios" */ = {
			isa = XCRemoteSwiftPackageReference;
			repositoryURL = "https://github.com/airbnb/lottie-ios.git";
			requirement = {
				kind = upToNextMajorVersion;
				minimumVersion = 4.3.3;
			};
		};
		483A4A6A2ADF051A005A3B4C /* XCRemoteSwiftPackageReference "Alamofire" */ = {
			isa = XCRemoteSwiftPackageReference;
			repositoryURL = "https://github.com/Alamofire/Alamofire.git";
			requirement = {
				kind = upToNextMajorVersion;
				minimumVersion = 5.8.0;
			};
		};
		48626CCD2AE0A3F100CCE82B /* XCRemoteSwiftPackageReference "keychain-swift" */ = {
			isa = XCRemoteSwiftPackageReference;
			repositoryURL = "https://github.com/evgenyneu/keychain-swift";
			requirement = {
				kind = upToNextMajorVersion;
				minimumVersion = 20.0.0;
			};
		};
		48B2497B2B0F198800DBD62A /* XCRemoteSwiftPackageReference "socket" */ = {
			isa = XCRemoteSwiftPackageReference;
			repositoryURL = "https://github.com/socketio/socket.io-client-swift";
			requirement = {
				branch = master;
				kind = branch;
			};
		};
		48E76A382B1147EC00D4FF73 /* XCRemoteSwiftPackageReference "firebase-ios-sdk" */ = {
			isa = XCRemoteSwiftPackageReference;
			repositoryURL = "https://github.com/firebase/firebase-ios-sdk";
			requirement = {
				kind = upToNextMajorVersion;
				minimumVersion = 10.18.0;
			};
		};
/* End XCRemoteSwiftPackageReference section */

/* Begin XCSwiftPackageProductDependency section */
		160F017D2B117FD000BFCA3F /* Lottie */ = {
			isa = XCSwiftPackageProductDependency;
			package = 160F017C2B117FD000BFCA3F /* XCRemoteSwiftPackageReference "lottie-ios" */;
			productName = Lottie;
		};
		483A4A6B2ADF051A005A3B4C /* Alamofire */ = {
			isa = XCSwiftPackageProductDependency;
			package = 483A4A6A2ADF051A005A3B4C /* XCRemoteSwiftPackageReference "Alamofire" */;
			productName = Alamofire;
		};
		48626CCE2AE0A3F100CCE82B /* KeychainSwift */ = {
			isa = XCSwiftPackageProductDependency;
			package = 48626CCD2AE0A3F100CCE82B /* XCRemoteSwiftPackageReference "keychain-swift" */;
			productName = KeychainSwift;
		};
		48B2497C2B0F198800DBD62A /* SocketIO */ = {
			isa = XCSwiftPackageProductDependency;
			package = 48B2497B2B0F198800DBD62A /* XCRemoteSwiftPackageReference "socket" */;
			productName = SocketIO;
		};
		48E76A392B1147EC00D4FF73 /* FirebaseAnalytics */ = {
			isa = XCSwiftPackageProductDependency;
			package = 48E76A382B1147EC00D4FF73 /* XCRemoteSwiftPackageReference "firebase-ios-sdk" */;
			productName = FirebaseAnalytics;
		};
		48E76A3B2B1147EC00D4FF73 /* FirebaseAnalyticsOnDeviceConversion */ = {
			isa = XCSwiftPackageProductDependency;
			package = 48E76A382B1147EC00D4FF73 /* XCRemoteSwiftPackageReference "firebase-ios-sdk" */;
			productName = FirebaseAnalyticsOnDeviceConversion;
		};
		48E76A3D2B1147EC00D4FF73 /* FirebaseAnalyticsSwift */ = {
			isa = XCSwiftPackageProductDependency;
			package = 48E76A382B1147EC00D4FF73 /* XCRemoteSwiftPackageReference "firebase-ios-sdk" */;
			productName = FirebaseAnalyticsSwift;
		};
		48E76A3F2B1147EC00D4FF73 /* FirebaseAnalyticsWithoutAdIdSupport */ = {
			isa = XCSwiftPackageProductDependency;
			package = 48E76A382B1147EC00D4FF73 /* XCRemoteSwiftPackageReference "firebase-ios-sdk" */;
			productName = FirebaseAnalyticsWithoutAdIdSupport;
		};
		48E76A412B1147EC00D4FF73 /* FirebaseAppCheck */ = {
			isa = XCSwiftPackageProductDependency;
			package = 48E76A382B1147EC00D4FF73 /* XCRemoteSwiftPackageReference "firebase-ios-sdk" */;
			productName = FirebaseAppCheck;
		};
		48E76A432B1147EC00D4FF73 /* FirebaseAppDistribution-Beta */ = {
			isa = XCSwiftPackageProductDependency;
			package = 48E76A382B1147EC00D4FF73 /* XCRemoteSwiftPackageReference "firebase-ios-sdk" */;
			productName = "FirebaseAppDistribution-Beta";
		};
		48E76A452B1147EC00D4FF73 /* FirebaseAuth */ = {
			isa = XCSwiftPackageProductDependency;
			package = 48E76A382B1147EC00D4FF73 /* XCRemoteSwiftPackageReference "firebase-ios-sdk" */;
			productName = FirebaseAuth;
		};
		48E76A472B1147EC00D4FF73 /* FirebaseAuthCombine-Community */ = {
			isa = XCSwiftPackageProductDependency;
			package = 48E76A382B1147EC00D4FF73 /* XCRemoteSwiftPackageReference "firebase-ios-sdk" */;
			productName = "FirebaseAuthCombine-Community";
		};
		48E76A492B1147EC00D4FF73 /* FirebaseCrashlytics */ = {
			isa = XCSwiftPackageProductDependency;
			package = 48E76A382B1147EC00D4FF73 /* XCRemoteSwiftPackageReference "firebase-ios-sdk" */;
			productName = FirebaseCrashlytics;
		};
		48E76A4B2B1147EC00D4FF73 /* FirebaseDatabase */ = {
			isa = XCSwiftPackageProductDependency;
			package = 48E76A382B1147EC00D4FF73 /* XCRemoteSwiftPackageReference "firebase-ios-sdk" */;
			productName = FirebaseDatabase;
		};
		48E76A4D2B1147EC00D4FF73 /* FirebaseDatabaseSwift */ = {
			isa = XCSwiftPackageProductDependency;
			package = 48E76A382B1147EC00D4FF73 /* XCRemoteSwiftPackageReference "firebase-ios-sdk" */;
			productName = FirebaseDatabaseSwift;
		};
		48E76A4F2B1147EC00D4FF73 /* FirebaseDynamicLinks */ = {
			isa = XCSwiftPackageProductDependency;
			package = 48E76A382B1147EC00D4FF73 /* XCRemoteSwiftPackageReference "firebase-ios-sdk" */;
			productName = FirebaseDynamicLinks;
		};
		48E76A512B1147EC00D4FF73 /* FirebaseFirestore */ = {
			isa = XCSwiftPackageProductDependency;
			package = 48E76A382B1147EC00D4FF73 /* XCRemoteSwiftPackageReference "firebase-ios-sdk" */;
			productName = FirebaseFirestore;
		};
		48E76A532B1147EC00D4FF73 /* FirebaseFirestoreCombine-Community */ = {
			isa = XCSwiftPackageProductDependency;
			package = 48E76A382B1147EC00D4FF73 /* XCRemoteSwiftPackageReference "firebase-ios-sdk" */;
			productName = "FirebaseFirestoreCombine-Community";
		};
		48E76A552B1147EC00D4FF73 /* FirebaseFirestoreSwift */ = {
			isa = XCSwiftPackageProductDependency;
			package = 48E76A382B1147EC00D4FF73 /* XCRemoteSwiftPackageReference "firebase-ios-sdk" */;
			productName = FirebaseFirestoreSwift;
		};
		48E76A572B1147EC00D4FF73 /* FirebaseFunctions */ = {
			isa = XCSwiftPackageProductDependency;
			package = 48E76A382B1147EC00D4FF73 /* XCRemoteSwiftPackageReference "firebase-ios-sdk" */;
			productName = FirebaseFunctions;
		};
		48E76A592B1147EC00D4FF73 /* FirebaseFunctionsCombine-Community */ = {
			isa = XCSwiftPackageProductDependency;
			package = 48E76A382B1147EC00D4FF73 /* XCRemoteSwiftPackageReference "firebase-ios-sdk" */;
			productName = "FirebaseFunctionsCombine-Community";
		};
		48E76A5B2B1147EC00D4FF73 /* FirebaseInAppMessaging-Beta */ = {
			isa = XCSwiftPackageProductDependency;
			package = 48E76A382B1147EC00D4FF73 /* XCRemoteSwiftPackageReference "firebase-ios-sdk" */;
			productName = "FirebaseInAppMessaging-Beta";
		};
		48E76A5D2B1147EC00D4FF73 /* FirebaseInAppMessagingSwift-Beta */ = {
			isa = XCSwiftPackageProductDependency;
			package = 48E76A382B1147EC00D4FF73 /* XCRemoteSwiftPackageReference "firebase-ios-sdk" */;
			productName = "FirebaseInAppMessagingSwift-Beta";
		};
		48E76A5F2B1147EC00D4FF73 /* FirebaseInstallations */ = {
			isa = XCSwiftPackageProductDependency;
			package = 48E76A382B1147EC00D4FF73 /* XCRemoteSwiftPackageReference "firebase-ios-sdk" */;
			productName = FirebaseInstallations;
		};
		48E76A612B1147EC00D4FF73 /* FirebaseMLModelDownloader */ = {
			isa = XCSwiftPackageProductDependency;
			package = 48E76A382B1147EC00D4FF73 /* XCRemoteSwiftPackageReference "firebase-ios-sdk" */;
			productName = FirebaseMLModelDownloader;
		};
		48E76A632B1147EC00D4FF73 /* FirebaseMessaging */ = {
			isa = XCSwiftPackageProductDependency;
			package = 48E76A382B1147EC00D4FF73 /* XCRemoteSwiftPackageReference "firebase-ios-sdk" */;
			productName = FirebaseMessaging;
		};
		48E76A652B1147EC00D4FF73 /* FirebasePerformance */ = {
			isa = XCSwiftPackageProductDependency;
			package = 48E76A382B1147EC00D4FF73 /* XCRemoteSwiftPackageReference "firebase-ios-sdk" */;
			productName = FirebasePerformance;
		};
		48E76A672B1147EC00D4FF73 /* FirebaseRemoteConfig */ = {
			isa = XCSwiftPackageProductDependency;
			package = 48E76A382B1147EC00D4FF73 /* XCRemoteSwiftPackageReference "firebase-ios-sdk" */;
			productName = FirebaseRemoteConfig;
		};
		48E76A692B1147EC00D4FF73 /* FirebaseRemoteConfigSwift */ = {
			isa = XCSwiftPackageProductDependency;
			package = 48E76A382B1147EC00D4FF73 /* XCRemoteSwiftPackageReference "firebase-ios-sdk" */;
			productName = FirebaseRemoteConfigSwift;
		};
		48E76A6B2B1147EC00D4FF73 /* FirebaseStorage */ = {
			isa = XCSwiftPackageProductDependency;
			package = 48E76A382B1147EC00D4FF73 /* XCRemoteSwiftPackageReference "firebase-ios-sdk" */;
			productName = FirebaseStorage;
		};
		48E76A6D2B1147EC00D4FF73 /* FirebaseStorageCombine-Community */ = {
			isa = XCSwiftPackageProductDependency;
			package = 48E76A382B1147EC00D4FF73 /* XCRemoteSwiftPackageReference "firebase-ios-sdk" */;
			productName = "FirebaseStorageCombine-Community";
		};
/* End XCSwiftPackageProductDependency section */
	};
	rootObject = 481BDDAA2A6E02D3006D4D80 /* Project object */;
}
